// !$*UTF8*$!
{
	archiveVersion = 1;
	classes = {
	};
	objectVersion = 56;
	objects = {

/* Begin PBXBuildFile section */
		E13878002B4343D900054F5C /* CategoriesMenuCollectionView.swift in Sources */ = {isa = PBXBuildFile; fileRef = E13877FF2B4343D900054F5C /* CategoriesMenuCollectionView.swift */; };
		E13878032B444AEF00054F5C /* SearchHeader.swift in Sources */ = {isa = PBXBuildFile; fileRef = E13878022B444AEF00054F5C /* SearchHeader.swift */; };
		E1D824B52B489FCD009E6B86 /* SearchViewController+ResultsUpdate.swift in Sources */ = {isa = PBXBuildFile; fileRef = E1D824B42B489FCD009E6B86 /* SearchViewController+ResultsUpdate.swift */; };
		E1D824B72B4B3837009E6B86 /* PersonCell.swift in Sources */ = {isa = PBXBuildFile; fileRef = E1D824B62B4B3837009E6B86 /* PersonCell.swift */; };
		E1D824B92B4B4421009E6B86 /* SearchResultSection.swift in Sources */ = {isa = PBXBuildFile; fileRef = E1D824B82B4B4421009E6B86 /* SearchResultSection.swift */; };
		E1D824BD2B4B4748009E6B86 /* SearchResultController+UICollectionView.swift in Sources */ = {isa = PBXBuildFile; fileRef = E1D824BC2B4B4748009E6B86 /* SearchResultController+UICollectionView.swift */; };
		E1D824D02B4C98DB009E6B86 /* MovieView.swift in Sources */ = {isa = PBXBuildFile; fileRef = E1D824CE2B4C98DB009E6B86 /* MovieView.swift */; };
		E1D824D22B4C99F1009E6B86 /* BallView.swift in Sources */ = {isa = PBXBuildFile; fileRef = E1D824CF2B4C98DB009E6B86 /* BallView.swift */; };
		E1EE76A22B3DC58A00BC5858 /* NavigationController + Extension.swift in Sources */ = {isa = PBXBuildFile; fileRef = E1EE76A02B3DC58A00BC5858 /* NavigationController + Extension.swift */; };
		E1EE76A32B3DC58A00BC5858 /* UISearchController + Extension.swift in Sources */ = {isa = PBXBuildFile; fileRef = E1EE76A12B3DC58A00BC5858 /* UISearchController + Extension.swift */; };
		E1EE76A82B3DC5CF00BC5858 /* SearchResultsViewController.swift in Sources */ = {isa = PBXBuildFile; fileRef = E1EE76A72B3DC5CF00BC5858 /* SearchResultsViewController.swift */; };
		E1EE76AA2B3DC88D00BC5858 /* SearchViewController+UICollectionView.swift in Sources */ = {isa = PBXBuildFile; fileRef = E1EE76A92B3DC88D00BC5858 /* SearchViewController+UICollectionView.swift */; };
		E1EE76B32B40048700BC5858 /* CategoriesMenuCell.swift in Sources */ = {isa = PBXBuildFile; fileRef = E1EE76B22B40048700BC5858 /* CategoriesMenuCell.swift */; };
		E1EE76B82B41B61E00BC5858 /* SearchSection.swift in Sources */ = {isa = PBXBuildFile; fileRef = E1EE76B52B41B61E00BC5858 /* SearchSection.swift */; };
		E1EE76BD2B41BEED00BC5858 /* UpcomingMovieCell.swift in Sources */ = {isa = PBXBuildFile; fileRef = E1EE76BC2B41BEED00BC5858 /* UpcomingMovieCell.swift */; };
		EB03F5A12B440C90004BAE47 /* PersonDetailRouter.swift in Sources */ = {isa = PBXBuildFile; fileRef = EB03F5A02B440C90004BAE47 /* PersonDetailRouter.swift */; };
		EB03F5A32B440C99004BAE47 /* PersonDetailInteractor.swift in Sources */ = {isa = PBXBuildFile; fileRef = EB03F5A22B440C99004BAE47 /* PersonDetailInteractor.swift */; };
		EB03F5A52B440C9F004BAE47 /* PersonDetailPresenter.swift in Sources */ = {isa = PBXBuildFile; fileRef = EB03F5A42B440C9F004BAE47 /* PersonDetailPresenter.swift */; };
		EB03F5A72B440CA5004BAE47 /* PersonDetailViewController.swift in Sources */ = {isa = PBXBuildFile; fileRef = EB03F5A62B440CA5004BAE47 /* PersonDetailViewController.swift */; };
		EB03F5A92B440CAC004BAE47 /* PersonDetailProtocols.swift in Sources */ = {isa = PBXBuildFile; fileRef = EB03F5A82B440CAC004BAE47 /* PersonDetailProtocols.swift */; };
		EB0945F22B46CC1200331EAD /* PersonSection.swift in Sources */ = {isa = PBXBuildFile; fileRef = EB0945F12B46CC1200331EAD /* PersonSection.swift */; };
		EB0945F42B46CC4100331EAD /* PersonItem.swift in Sources */ = {isa = PBXBuildFile; fileRef = EB0945F32B46CC4100331EAD /* PersonItem.swift */; };
		EB0945F62B46CD0200331EAD /* FactsCell.swift in Sources */ = {isa = PBXBuildFile; fileRef = EB0945F52B46CD0200331EAD /* FactsCell.swift */; };
		EB0945F82B46D9A200331EAD /* AwardCell.swift in Sources */ = {isa = PBXBuildFile; fileRef = EB0945F72B46D9A200331EAD /* AwardCell.swift */; };
		EB0945FA2B46DE5C00331EAD /* PersonHeader.swift in Sources */ = {isa = PBXBuildFile; fileRef = EB0945F92B46DE5C00331EAD /* PersonHeader.swift */; };
		EB369B0B2B398BAB00BB4275 /* Endpoint.swift in Sources */ = {isa = PBXBuildFile; fileRef = EB369B0A2B398BAB00BB4275 /* Endpoint.swift */; };
		EB369B0F2B398BB900BB4275 /* RequestError.swift in Sources */ = {isa = PBXBuildFile; fileRef = EB369B0E2B398BB900BB4275 /* RequestError.swift */; };
		EB369B112B398CA100BB4275 /* MovieEndpoints.swift in Sources */ = {isa = PBXBuildFile; fileRef = EB369B102B398CA100BB4275 /* MovieEndpoints.swift */; };
		EB369B132B39911200BB4275 /* MovieClient.swift in Sources */ = {isa = PBXBuildFile; fileRef = EB369B122B39911200BB4275 /* MovieClient.swift */; };
		EB369B152B39940400BB4275 /* MovieService.swift in Sources */ = {isa = PBXBuildFile; fileRef = EB369B142B39940400BB4275 /* MovieService.swift */; };
		EB369B172B399CE800BB4275 /* NetwrorkService.swift in Sources */ = {isa = PBXBuildFile; fileRef = EB369B162B399CE800BB4275 /* NetwrorkService.swift */; };
		EB369B192B39A2E500BB4275 /* SearchModel.swift in Sources */ = {isa = PBXBuildFile; fileRef = EB369B182B39A2E500BB4275 /* SearchModel.swift */; };
		EB369B1C2B39BAD300BB4275 /* SnapKit in Frameworks */ = {isa = PBXBuildFile; productRef = EB369B1B2B39BAD300BB4275 /* SnapKit */; };
		EB369B1E2B39CA1700BB4275 /* PersonModel.swift in Sources */ = {isa = PBXBuildFile; fileRef = EB369B1D2B39CA1700BB4275 /* PersonModel.swift */; };
		EB369B202B39D00F00BB4275 /* DetailModel.swift in Sources */ = {isa = PBXBuildFile; fileRef = EB369B1F2B39D00F00BB4275 /* DetailModel.swift */; };
		EB369B242B3AC51D00BB4275 /* ColletionModel.swift in Sources */ = {isa = PBXBuildFile; fileRef = EB369B232B3AC51D00BB4275 /* ColletionModel.swift */; };
		EB369B262B3B085800BB4275 /* CollectionDetailModel.swift in Sources */ = {isa = PBXBuildFile; fileRef = EB369B252B3B085800BB4275 /* CollectionDetailModel.swift */; };
		EB369B282B3B15D300BB4275 /* MovieGenre.swift in Sources */ = {isa = PBXBuildFile; fileRef = EB369B272B3B15D300BB4275 /* MovieGenre.swift */; };
		EB369B2A2B3B20F100BB4275 /* PersonDetalModel.swift in Sources */ = {isa = PBXBuildFile; fileRef = EB369B292B3B20F100BB4275 /* PersonDetalModel.swift */; };
		EB6CB2BF2B3C1AFE00DC30BC /* Extension + UIColor.swift in Sources */ = {isa = PBXBuildFile; fileRef = EB6CB2BE2B3C1AFE00DC30BC /* Extension + UIColor.swift */; };
		EB6CB2C12B3C203A00DC30BC /* Extension + UIFont.swift in Sources */ = {isa = PBXBuildFile; fileRef = EB6CB2C02B3C203A00DC30BC /* Extension + UIFont.swift */; };
		EB6CB2D52B3C250600DC30BC /* Montserrat-ExtraBold.ttf in Resources */ = {isa = PBXBuildFile; fileRef = EB6CB2CC2B3C250600DC30BC /* Montserrat-ExtraBold.ttf */; };
		EB6CB2D62B3C250600DC30BC /* Montserrat-Bold.ttf in Resources */ = {isa = PBXBuildFile; fileRef = EB6CB2CD2B3C250600DC30BC /* Montserrat-Bold.ttf */; };
		EB6CB2D72B3C250600DC30BC /* Montserrat-Light.ttf in Resources */ = {isa = PBXBuildFile; fileRef = EB6CB2CE2B3C250600DC30BC /* Montserrat-Light.ttf */; };
		EB6CB2D82B3C250600DC30BC /* Montserrat-Medium.ttf in Resources */ = {isa = PBXBuildFile; fileRef = EB6CB2CF2B3C250600DC30BC /* Montserrat-Medium.ttf */; };
		EB6CB2D92B3C250600DC30BC /* Montserrat-Black.ttf in Resources */ = {isa = PBXBuildFile; fileRef = EB6CB2D02B3C250600DC30BC /* Montserrat-Black.ttf */; };
		EB6CB2DA2B3C250600DC30BC /* Montserrat-Regular.ttf in Resources */ = {isa = PBXBuildFile; fileRef = EB6CB2D12B3C250600DC30BC /* Montserrat-Regular.ttf */; };
		EB6CB2DB2B3C250600DC30BC /* Montserrat-SemiBold.ttf in Resources */ = {isa = PBXBuildFile; fileRef = EB6CB2D22B3C250600DC30BC /* Montserrat-SemiBold.ttf */; };
		EB6CB2DC2B3C250600DC30BC /* Montserrat-ExtraLight.ttf in Resources */ = {isa = PBXBuildFile; fileRef = EB6CB2D32B3C250600DC30BC /* Montserrat-ExtraLight.ttf */; };
		EB6CB2DD2B3C250600DC30BC /* Montserrat-Thin.ttf in Resources */ = {isa = PBXBuildFile; fileRef = EB6CB2D42B3C250600DC30BC /* Montserrat-Thin.ttf */; };
		EB6CB2DF2B3C26FB00DC30BC /* AccountView.swift in Sources */ = {isa = PBXBuildFile; fileRef = EB6CB2DE2B3C26FB00DC30BC /* AccountView.swift */; };
		EB6CB2E22B3C31D100DC30BC /* Section.swift in Sources */ = {isa = PBXBuildFile; fileRef = EB6CB2E12B3C31D100DC30BC /* Section.swift */; };
		EB6CB2E42B3C31DF00DC30BC /* ItemMain.swift in Sources */ = {isa = PBXBuildFile; fileRef = EB6CB2E32B3C31DF00DC30BC /* ItemMain.swift */; };
		EB6CB2E72B3C4A0200DC30BC /* CollectionCell.swift in Sources */ = {isa = PBXBuildFile; fileRef = EB6CB2E62B3C4A0200DC30BC /* CollectionCell.swift */; };
		EB7610552B402EB200B4D5B2 /* TabBarView.swift in Sources */ = {isa = PBXBuildFile; fileRef = EB7610542B402EB200B4D5B2 /* TabBarView.swift */; };
		EB8267612B38A1D50024BAAE /* AppDelegate.swift in Sources */ = {isa = PBXBuildFile; fileRef = EB8267602B38A1D50024BAAE /* AppDelegate.swift */; };
		EB8267632B38A1D50024BAAE /* SceneDelegate.swift in Sources */ = {isa = PBXBuildFile; fileRef = EB8267622B38A1D50024BAAE /* SceneDelegate.swift */; };
		EB82676A2B38A1D50024BAAE /* Assets.xcassets in Resources */ = {isa = PBXBuildFile; fileRef = EB8267692B38A1D50024BAAE /* Assets.xcassets */; };
		EB82676D2B38A1D50024BAAE /* LaunchScreen.storyboard in Resources */ = {isa = PBXBuildFile; fileRef = EB82676B2B38A1D50024BAAE /* LaunchScreen.storyboard */; };
		EB8267882B38AB110024BAAE /* OnboardingViewController.swift in Sources */ = {isa = PBXBuildFile; fileRef = EB8267872B38AB110024BAAE /* OnboardingViewController.swift */; };
		EB82678A2B38AB9A0024BAAE /* OnboardingProtocols.swift in Sources */ = {isa = PBXBuildFile; fileRef = EB8267892B38AB9A0024BAAE /* OnboardingProtocols.swift */; };
		EB82678C2B38B19B0024BAAE /* OnboardingPresenter.swift in Sources */ = {isa = PBXBuildFile; fileRef = EB82678B2B38B19B0024BAAE /* OnboardingPresenter.swift */; };
		EB82678E2B38B2260024BAAE /* OnboardingInteractor.swift in Sources */ = {isa = PBXBuildFile; fileRef = EB82678D2B38B2260024BAAE /* OnboardingInteractor.swift */; };
		EB8267902B38B33E0024BAAE /* OnboardingRouter.swift in Sources */ = {isa = PBXBuildFile; fileRef = EB82678F2B38B33E0024BAAE /* OnboardingRouter.swift */; };
		EB8267932B38B7860024BAAE /* Builder.swift in Sources */ = {isa = PBXBuildFile; fileRef = EB8267922B38B7860024BAAE /* Builder.swift */; };
		EBCA67D52B3C5629008B59B9 /* Kingfisher in Frameworks */ = {isa = PBXBuildFile; productRef = EBCA67D42B3C5629008B59B9 /* Kingfisher */; };
		EBCA67D92B3C699D008B59B9 /* HeaderCell.swift in Sources */ = {isa = PBXBuildFile; fileRef = EBCA67D82B3C699D008B59B9 /* HeaderCell.swift */; };
		EBCA67DB2B3C6C22008B59B9 /* CategoriesCell.swift in Sources */ = {isa = PBXBuildFile; fileRef = EBCA67DA2B3C6C22008B59B9 /* CategoriesCell.swift */; };
		EBCA67DD2B3C74B7008B59B9 /* PopularCell.swift in Sources */ = {isa = PBXBuildFile; fileRef = EBCA67DC2B3C74B7008B59B9 /* PopularCell.swift */; };
		EBDD1FCA2B3D700300C1712A /* CategoryModel.swift in Sources */ = {isa = PBXBuildFile; fileRef = EBDD1FC92B3D700300C1712A /* CategoryModel.swift */; };
		EBDFCFAE2B455D3A00B1FE5E /* AwardsModel.swift in Sources */ = {isa = PBXBuildFile; fileRef = EBDFCFAD2B455D3A00B1FE5E /* AwardsModel.swift */; };
		EBDFCFB02B457AD000B1FE5E /* UpcomingModel.swift in Sources */ = {isa = PBXBuildFile; fileRef = EBDFCFAF2B457AD000B1FE5E /* UpcomingModel.swift */; };
		EBE76C222B396D550053E522 /* MainProtocols.swift in Sources */ = {isa = PBXBuildFile; fileRef = EBE76C212B396D550053E522 /* MainProtocols.swift */; };
		EBE76C242B396DA50053E522 /* MainViewController.swift in Sources */ = {isa = PBXBuildFile; fileRef = EBE76C232B396DA50053E522 /* MainViewController.swift */; };
		EBE76C262B396DD90053E522 /* MainPresenter.swift in Sources */ = {isa = PBXBuildFile; fileRef = EBE76C252B396DD90053E522 /* MainPresenter.swift */; };
		EBE76C282B396E140053E522 /* MainInteractor.swift in Sources */ = {isa = PBXBuildFile; fileRef = EBE76C272B396E140053E522 /* MainInteractor.swift */; };
		EBE76C2A2B396E370053E522 /* MainRouter.swift in Sources */ = {isa = PBXBuildFile; fileRef = EBE76C292B396E370053E522 /* MainRouter.swift */; };
		EBE76C312B396EA20053E522 /* MovieListProtocols.swift in Sources */ = {isa = PBXBuildFile; fileRef = EBE76C302B396EA20053E522 /* MovieListProtocols.swift */; };
		EBE76C332B396EFB0053E522 /* MovieListViewController.swift in Sources */ = {isa = PBXBuildFile; fileRef = EBE76C322B396EFB0053E522 /* MovieListViewController.swift */; };
		EBE76C352B396F2D0053E522 /* MovieListPresenter.swift in Sources */ = {isa = PBXBuildFile; fileRef = EBE76C342B396F2D0053E522 /* MovieListPresenter.swift */; };
		EBE76C372B396F7F0053E522 /* MovieListInteractor.swift in Sources */ = {isa = PBXBuildFile; fileRef = EBE76C362B396F7F0053E522 /* MovieListInteractor.swift */; };
		EBE76C392B396F9E0053E522 /* MovieListRouter.swift in Sources */ = {isa = PBXBuildFile; fileRef = EBE76C382B396F9E0053E522 /* MovieListRouter.swift */; };
		EBE76C402B396FDD0053E522 /* PopularProtocols.swift in Sources */ = {isa = PBXBuildFile; fileRef = EBE76C3F2B396FDD0053E522 /* PopularProtocols.swift */; };
		EBE76C422B39701C0053E522 /* PopularViewController.swift in Sources */ = {isa = PBXBuildFile; fileRef = EBE76C412B39701C0053E522 /* PopularViewController.swift */; };
		EBE76C442B39704B0053E522 /* PopularPresenter.swift in Sources */ = {isa = PBXBuildFile; fileRef = EBE76C432B39704B0053E522 /* PopularPresenter.swift */; };
		EBE76C462B39707B0053E522 /* PopularInteractor.swift in Sources */ = {isa = PBXBuildFile; fileRef = EBE76C452B39707B0053E522 /* PopularInteractor.swift */; };
		EBE76C482B39709F0053E522 /* PopularRouter.swift in Sources */ = {isa = PBXBuildFile; fileRef = EBE76C472B39709F0053E522 /* PopularRouter.swift */; };
		EBE76C4F2B3971180053E522 /* DetailProtocols.swift in Sources */ = {isa = PBXBuildFile; fileRef = EBE76C4E2B3971180053E522 /* DetailProtocols.swift */; };
		EBE76C512B3971CA0053E522 /* DetailViewController.swift in Sources */ = {isa = PBXBuildFile; fileRef = EBE76C502B3971CA0053E522 /* DetailViewController.swift */; };
		EBE76C532B3971FB0053E522 /* DetailPresenter.swift in Sources */ = {isa = PBXBuildFile; fileRef = EBE76C522B3971FB0053E522 /* DetailPresenter.swift */; };
		EBE76C552B3972300053E522 /* DetailInteractor.swift in Sources */ = {isa = PBXBuildFile; fileRef = EBE76C542B3972300053E522 /* DetailInteractor.swift */; };
		EBE76C572B3972500053E522 /* DetailRouter.swift in Sources */ = {isa = PBXBuildFile; fileRef = EBE76C562B3972500053E522 /* DetailRouter.swift */; };
		EBE76C5E2B3972840053E522 /* WishlistProtocols.swift in Sources */ = {isa = PBXBuildFile; fileRef = EBE76C5D2B3972840053E522 /* WishlistProtocols.swift */; };
		EBE76C602B3972B50053E522 /* WishlistViewController.swift in Sources */ = {isa = PBXBuildFile; fileRef = EBE76C5F2B3972B50053E522 /* WishlistViewController.swift */; };
		EBE76C622B3972DB0053E522 /* WishlistPresenter.swift in Sources */ = {isa = PBXBuildFile; fileRef = EBE76C612B3972DB0053E522 /* WishlistPresenter.swift */; };
		EBE76C642B39732C0053E522 /* WishlistInteractor.swift in Sources */ = {isa = PBXBuildFile; fileRef = EBE76C632B39732C0053E522 /* WishlistInteractor.swift */; };
		EBE76C662B3973590053E522 /* WishlistRouter.swift in Sources */ = {isa = PBXBuildFile; fileRef = EBE76C652B3973590053E522 /* WishlistRouter.swift */; };
		EBE76C6D2B39739E0053E522 /* SearchProtocols.swift in Sources */ = {isa = PBXBuildFile; fileRef = EBE76C6C2B39739E0053E522 /* SearchProtocols.swift */; };
		EBE76C6F2B3973D10053E522 /* SearchViewController.swift in Sources */ = {isa = PBXBuildFile; fileRef = EBE76C6E2B3973D10053E522 /* SearchViewController.swift */; };
		EBE76C712B3974080053E522 /* SearchPresenter.swift in Sources */ = {isa = PBXBuildFile; fileRef = EBE76C702B3974080053E522 /* SearchPresenter.swift */; };
		EBE76C732B39743D0053E522 /* SearchInteractor.swift in Sources */ = {isa = PBXBuildFile; fileRef = EBE76C722B39743D0053E522 /* SearchInteractor.swift */; };
		EBE76C752B39746A0053E522 /* SearchRouter.swift in Sources */ = {isa = PBXBuildFile; fileRef = EBE76C742B39746A0053E522 /* SearchRouter.swift */; };
		EBE76C7C2B39749F0053E522 /* ProfileProtocols.swift in Sources */ = {isa = PBXBuildFile; fileRef = EBE76C7B2B39749F0053E522 /* ProfileProtocols.swift */; };
		EBE76C832B3974C30053E522 /* ChristmasProtocols.swift in Sources */ = {isa = PBXBuildFile; fileRef = EBE76C822B3974C30053E522 /* ChristmasProtocols.swift */; };
		EBE76C852B39767C0053E522 /* ProfileViewController.swift in Sources */ = {isa = PBXBuildFile; fileRef = EBE76C842B39767C0053E522 /* ProfileViewController.swift */; };
		EBE76C872B3976A30053E522 /* ProfilePresenter.swift in Sources */ = {isa = PBXBuildFile; fileRef = EBE76C862B3976A30053E522 /* ProfilePresenter.swift */; };
		EBE76C892B3976D70053E522 /* ProfileInteractor.swift in Sources */ = {isa = PBXBuildFile; fileRef = EBE76C882B3976D70053E522 /* ProfileInteractor.swift */; };
		EBE76C8B2B3976F70053E522 /* ProfileRouter.swift in Sources */ = {isa = PBXBuildFile; fileRef = EBE76C8A2B3976F70053E522 /* ProfileRouter.swift */; };
		EBE76C8D2B3977430053E522 /* ChristmasViewController.swift in Sources */ = {isa = PBXBuildFile; fileRef = EBE76C8C2B3977430053E522 /* ChristmasViewController.swift */; };
		EBE76C8F2B3977680053E522 /* ChristmasPresenter.swift in Sources */ = {isa = PBXBuildFile; fileRef = EBE76C8E2B3977680053E522 /* ChristmasPresenter.swift */; };
		EBE76C912B3977930053E522 /* ChristmasInteractor.swift in Sources */ = {isa = PBXBuildFile; fileRef = EBE76C902B3977930053E522 /* ChristmasInteractor.swift */; };
		EBE76C932B3977B40053E522 /* ChristmasRouter.swift in Sources */ = {isa = PBXBuildFile; fileRef = EBE76C922B3977B40053E522 /* ChristmasRouter.swift */; };
		EBE76C9A2B3979B00053E522 /* TabBarProtocols.swift in Sources */ = {isa = PBXBuildFile; fileRef = EBE76C992B3979B00053E522 /* TabBarProtocols.swift */; };
		EBE76C9C2B3979E40053E522 /* TabBarViewController.swift in Sources */ = {isa = PBXBuildFile; fileRef = EBE76C9B2B3979E40053E522 /* TabBarViewController.swift */; };
		EBE76C9E2B397A020053E522 /* TabBarPresenter.swift in Sources */ = {isa = PBXBuildFile; fileRef = EBE76C9D2B397A020053E522 /* TabBarPresenter.swift */; };
/* End PBXBuildFile section */

/* Begin PBXFileReference section */
		E13877FF2B4343D900054F5C /* CategoriesMenuCollectionView.swift */ = {isa = PBXFileReference; lastKnownFileType = sourcecode.swift; path = CategoriesMenuCollectionView.swift; sourceTree = "<group>"; };
		E13878022B444AEF00054F5C /* SearchHeader.swift */ = {isa = PBXFileReference; lastKnownFileType = sourcecode.swift; path = SearchHeader.swift; sourceTree = "<group>"; };
		E1D824B42B489FCD009E6B86 /* SearchViewController+ResultsUpdate.swift */ = {isa = PBXFileReference; lastKnownFileType = sourcecode.swift; path = "SearchViewController+ResultsUpdate.swift"; sourceTree = "<group>"; };
		E1D824B62B4B3837009E6B86 /* PersonCell.swift */ = {isa = PBXFileReference; lastKnownFileType = sourcecode.swift; path = PersonCell.swift; sourceTree = "<group>"; };
		E1D824B82B4B4421009E6B86 /* SearchResultSection.swift */ = {isa = PBXFileReference; lastKnownFileType = sourcecode.swift; path = SearchResultSection.swift; sourceTree = "<group>"; };
		E1D824BC2B4B4748009E6B86 /* SearchResultController+UICollectionView.swift */ = {isa = PBXFileReference; lastKnownFileType = sourcecode.swift; path = "SearchResultController+UICollectionView.swift"; sourceTree = "<group>"; };
		E1D824CE2B4C98DB009E6B86 /* MovieView.swift */ = {isa = PBXFileReference; fileEncoding = 4; lastKnownFileType = sourcecode.swift; path = MovieView.swift; sourceTree = "<group>"; };
		E1D824CF2B4C98DB009E6B86 /* BallView.swift */ = {isa = PBXFileReference; fileEncoding = 4; lastKnownFileType = sourcecode.swift; path = BallView.swift; sourceTree = "<group>"; };
		E1EE76A02B3DC58A00BC5858 /* NavigationController + Extension.swift */ = {isa = PBXFileReference; fileEncoding = 4; lastKnownFileType = sourcecode.swift; name = "NavigationController + Extension.swift"; path = "MovieHub/Support/Extensions /NavigationController + Extension.swift"; sourceTree = SOURCE_ROOT; };
		E1EE76A12B3DC58A00BC5858 /* UISearchController + Extension.swift */ = {isa = PBXFileReference; fileEncoding = 4; lastKnownFileType = sourcecode.swift; name = "UISearchController + Extension.swift"; path = "MovieHub/Support/Extensions /UISearchController + Extension.swift"; sourceTree = SOURCE_ROOT; };
		E1EE76A72B3DC5CF00BC5858 /* SearchResultsViewController.swift */ = {isa = PBXFileReference; fileEncoding = 4; lastKnownFileType = sourcecode.swift; path = SearchResultsViewController.swift; sourceTree = "<group>"; };
		E1EE76A92B3DC88D00BC5858 /* SearchViewController+UICollectionView.swift */ = {isa = PBXFileReference; lastKnownFileType = sourcecode.swift; path = "SearchViewController+UICollectionView.swift"; sourceTree = "<group>"; };
		E1EE76B22B40048700BC5858 /* CategoriesMenuCell.swift */ = {isa = PBXFileReference; lastKnownFileType = sourcecode.swift; path = CategoriesMenuCell.swift; sourceTree = "<group>"; };
		E1EE76B52B41B61E00BC5858 /* SearchSection.swift */ = {isa = PBXFileReference; fileEncoding = 4; lastKnownFileType = sourcecode.swift; path = SearchSection.swift; sourceTree = "<group>"; };
		E1EE76BC2B41BEED00BC5858 /* UpcomingMovieCell.swift */ = {isa = PBXFileReference; lastKnownFileType = sourcecode.swift; path = UpcomingMovieCell.swift; sourceTree = "<group>"; };
		EB03F5A02B440C90004BAE47 /* PersonDetailRouter.swift */ = {isa = PBXFileReference; lastKnownFileType = sourcecode.swift; path = PersonDetailRouter.swift; sourceTree = "<group>"; };
		EB03F5A22B440C99004BAE47 /* PersonDetailInteractor.swift */ = {isa = PBXFileReference; lastKnownFileType = sourcecode.swift; path = PersonDetailInteractor.swift; sourceTree = "<group>"; };
		EB03F5A42B440C9F004BAE47 /* PersonDetailPresenter.swift */ = {isa = PBXFileReference; lastKnownFileType = sourcecode.swift; path = PersonDetailPresenter.swift; sourceTree = "<group>"; };
		EB03F5A62B440CA5004BAE47 /* PersonDetailViewController.swift */ = {isa = PBXFileReference; lastKnownFileType = sourcecode.swift; path = PersonDetailViewController.swift; sourceTree = "<group>"; };
		EB03F5A82B440CAC004BAE47 /* PersonDetailProtocols.swift */ = {isa = PBXFileReference; lastKnownFileType = sourcecode.swift; path = PersonDetailProtocols.swift; sourceTree = "<group>"; };
		EB0945F12B46CC1200331EAD /* PersonSection.swift */ = {isa = PBXFileReference; lastKnownFileType = sourcecode.swift; path = PersonSection.swift; sourceTree = "<group>"; };
		EB0945F32B46CC4100331EAD /* PersonItem.swift */ = {isa = PBXFileReference; lastKnownFileType = sourcecode.swift; path = PersonItem.swift; sourceTree = "<group>"; };
		EB0945F52B46CD0200331EAD /* FactsCell.swift */ = {isa = PBXFileReference; lastKnownFileType = sourcecode.swift; path = FactsCell.swift; sourceTree = "<group>"; };
		EB0945F72B46D9A200331EAD /* AwardCell.swift */ = {isa = PBXFileReference; lastKnownFileType = sourcecode.swift; path = AwardCell.swift; sourceTree = "<group>"; };
		EB0945F92B46DE5C00331EAD /* PersonHeader.swift */ = {isa = PBXFileReference; lastKnownFileType = sourcecode.swift; path = PersonHeader.swift; sourceTree = "<group>"; };
		EB20D07E2B42EC9100B5E094 /* BallView.swift */ = {isa = PBXFileReference; lastKnownFileType = sourcecode.swift; path = BallView.swift; sourceTree = "<group>"; };
		EB369B0A2B398BAB00BB4275 /* Endpoint.swift */ = {isa = PBXFileReference; lastKnownFileType = sourcecode.swift; path = Endpoint.swift; sourceTree = "<group>"; };
		EB369B0E2B398BB900BB4275 /* RequestError.swift */ = {isa = PBXFileReference; lastKnownFileType = sourcecode.swift; path = RequestError.swift; sourceTree = "<group>"; };
		EB369B102B398CA100BB4275 /* MovieEndpoints.swift */ = {isa = PBXFileReference; lastKnownFileType = sourcecode.swift; path = MovieEndpoints.swift; sourceTree = "<group>"; };
		EB369B122B39911200BB4275 /* MovieClient.swift */ = {isa = PBXFileReference; lastKnownFileType = sourcecode.swift; path = MovieClient.swift; sourceTree = "<group>"; };
		EB369B142B39940400BB4275 /* MovieService.swift */ = {isa = PBXFileReference; lastKnownFileType = sourcecode.swift; path = MovieService.swift; sourceTree = "<group>"; };
		EB369B162B399CE800BB4275 /* NetwrorkService.swift */ = {isa = PBXFileReference; lastKnownFileType = sourcecode.swift; path = NetwrorkService.swift; sourceTree = "<group>"; };
		EB369B182B39A2E500BB4275 /* SearchModel.swift */ = {isa = PBXFileReference; lastKnownFileType = sourcecode.swift; path = SearchModel.swift; sourceTree = "<group>"; };
		EB369B1D2B39CA1700BB4275 /* PersonModel.swift */ = {isa = PBXFileReference; lastKnownFileType = sourcecode.swift; path = PersonModel.swift; sourceTree = "<group>"; };
		EB369B1F2B39D00F00BB4275 /* DetailModel.swift */ = {isa = PBXFileReference; lastKnownFileType = sourcecode.swift; path = DetailModel.swift; sourceTree = "<group>"; };
		EB369B232B3AC51D00BB4275 /* ColletionModel.swift */ = {isa = PBXFileReference; fileEncoding = 4; lastKnownFileType = sourcecode.swift; path = ColletionModel.swift; sourceTree = "<group>"; };
		EB369B252B3B085800BB4275 /* CollectionDetailModel.swift */ = {isa = PBXFileReference; lastKnownFileType = sourcecode.swift; path = CollectionDetailModel.swift; sourceTree = "<group>"; };
		EB369B272B3B15D300BB4275 /* MovieGenre.swift */ = {isa = PBXFileReference; lastKnownFileType = sourcecode.swift; path = MovieGenre.swift; sourceTree = "<group>"; };
		EB369B292B3B20F100BB4275 /* PersonDetalModel.swift */ = {isa = PBXFileReference; lastKnownFileType = sourcecode.swift; path = PersonDetalModel.swift; sourceTree = "<group>"; };
		EB6CB2BE2B3C1AFE00DC30BC /* Extension + UIColor.swift */ = {isa = PBXFileReference; lastKnownFileType = sourcecode.swift; path = "Extension + UIColor.swift"; sourceTree = "<group>"; };
		EB6CB2C02B3C203A00DC30BC /* Extension + UIFont.swift */ = {isa = PBXFileReference; lastKnownFileType = sourcecode.swift; path = "Extension + UIFont.swift"; sourceTree = "<group>"; };
		EB6CB2CC2B3C250600DC30BC /* Montserrat-ExtraBold.ttf */ = {isa = PBXFileReference; lastKnownFileType = file; path = "Montserrat-ExtraBold.ttf"; sourceTree = "<group>"; };
		EB6CB2CD2B3C250600DC30BC /* Montserrat-Bold.ttf */ = {isa = PBXFileReference; lastKnownFileType = file; path = "Montserrat-Bold.ttf"; sourceTree = "<group>"; };
		EB6CB2CE2B3C250600DC30BC /* Montserrat-Light.ttf */ = {isa = PBXFileReference; lastKnownFileType = file; path = "Montserrat-Light.ttf"; sourceTree = "<group>"; };
		EB6CB2CF2B3C250600DC30BC /* Montserrat-Medium.ttf */ = {isa = PBXFileReference; lastKnownFileType = file; path = "Montserrat-Medium.ttf"; sourceTree = "<group>"; };
		EB6CB2D02B3C250600DC30BC /* Montserrat-Black.ttf */ = {isa = PBXFileReference; lastKnownFileType = file; path = "Montserrat-Black.ttf"; sourceTree = "<group>"; };
		EB6CB2D12B3C250600DC30BC /* Montserrat-Regular.ttf */ = {isa = PBXFileReference; lastKnownFileType = file; path = "Montserrat-Regular.ttf"; sourceTree = "<group>"; };
		EB6CB2D22B3C250600DC30BC /* Montserrat-SemiBold.ttf */ = {isa = PBXFileReference; lastKnownFileType = file; path = "Montserrat-SemiBold.ttf"; sourceTree = "<group>"; };
		EB6CB2D32B3C250600DC30BC /* Montserrat-ExtraLight.ttf */ = {isa = PBXFileReference; lastKnownFileType = file; path = "Montserrat-ExtraLight.ttf"; sourceTree = "<group>"; };
		EB6CB2D42B3C250600DC30BC /* Montserrat-Thin.ttf */ = {isa = PBXFileReference; lastKnownFileType = file; path = "Montserrat-Thin.ttf"; sourceTree = "<group>"; };
		EB6CB2DE2B3C26FB00DC30BC /* AccountView.swift */ = {isa = PBXFileReference; lastKnownFileType = sourcecode.swift; path = AccountView.swift; sourceTree = "<group>"; };
		EB6CB2E12B3C31D100DC30BC /* Section.swift */ = {isa = PBXFileReference; lastKnownFileType = sourcecode.swift; path = Section.swift; sourceTree = "<group>"; };
		EB6CB2E32B3C31DF00DC30BC /* ItemMain.swift */ = {isa = PBXFileReference; lastKnownFileType = sourcecode.swift; path = ItemMain.swift; sourceTree = "<group>"; };
		EB6CB2E62B3C4A0200DC30BC /* CollectionCell.swift */ = {isa = PBXFileReference; lastKnownFileType = sourcecode.swift; path = CollectionCell.swift; sourceTree = "<group>"; };
		EB7610542B402EB200B4D5B2 /* TabBarView.swift */ = {isa = PBXFileReference; lastKnownFileType = sourcecode.swift; path = TabBarView.swift; sourceTree = "<group>"; };
		EB82675D2B38A1D50024BAAE /* MovieHub.app */ = {isa = PBXFileReference; explicitFileType = wrapper.application; includeInIndex = 0; path = MovieHub.app; sourceTree = BUILT_PRODUCTS_DIR; };
		EB8267602B38A1D50024BAAE /* AppDelegate.swift */ = {isa = PBXFileReference; lastKnownFileType = sourcecode.swift; path = AppDelegate.swift; sourceTree = "<group>"; };
		EB8267622B38A1D50024BAAE /* SceneDelegate.swift */ = {isa = PBXFileReference; lastKnownFileType = sourcecode.swift; path = SceneDelegate.swift; sourceTree = "<group>"; };
		EB8267692B38A1D50024BAAE /* Assets.xcassets */ = {isa = PBXFileReference; lastKnownFileType = folder.assetcatalog; path = Assets.xcassets; sourceTree = "<group>"; };
		EB82676C2B38A1D50024BAAE /* Base */ = {isa = PBXFileReference; lastKnownFileType = file.storyboard; name = Base; path = Base.lproj/LaunchScreen.storyboard; sourceTree = "<group>"; };
		EB82676E2B38A1D50024BAAE /* Info.plist */ = {isa = PBXFileReference; lastKnownFileType = text.plist.xml; path = Info.plist; sourceTree = "<group>"; };
		EB8267872B38AB110024BAAE /* OnboardingViewController.swift */ = {isa = PBXFileReference; lastKnownFileType = sourcecode.swift; path = OnboardingViewController.swift; sourceTree = "<group>"; };
		EB8267892B38AB9A0024BAAE /* OnboardingProtocols.swift */ = {isa = PBXFileReference; lastKnownFileType = sourcecode.swift; path = OnboardingProtocols.swift; sourceTree = "<group>"; };
		EB82678B2B38B19B0024BAAE /* OnboardingPresenter.swift */ = {isa = PBXFileReference; lastKnownFileType = sourcecode.swift; path = OnboardingPresenter.swift; sourceTree = "<group>"; };
		EB82678D2B38B2260024BAAE /* OnboardingInteractor.swift */ = {isa = PBXFileReference; lastKnownFileType = sourcecode.swift; path = OnboardingInteractor.swift; sourceTree = "<group>"; };
		EB82678F2B38B33E0024BAAE /* OnboardingRouter.swift */ = {isa = PBXFileReference; lastKnownFileType = sourcecode.swift; path = OnboardingRouter.swift; sourceTree = "<group>"; };
		EB8267922B38B7860024BAAE /* Builder.swift */ = {isa = PBXFileReference; lastKnownFileType = sourcecode.swift; path = Builder.swift; sourceTree = "<group>"; };
		EBCA67D82B3C699D008B59B9 /* HeaderCell.swift */ = {isa = PBXFileReference; lastKnownFileType = sourcecode.swift; path = HeaderCell.swift; sourceTree = "<group>"; };
		EBCA67DA2B3C6C22008B59B9 /* CategoriesCell.swift */ = {isa = PBXFileReference; lastKnownFileType = sourcecode.swift; path = CategoriesCell.swift; sourceTree = "<group>"; };
		EBCA67DC2B3C74B7008B59B9 /* PopularCell.swift */ = {isa = PBXFileReference; lastKnownFileType = sourcecode.swift; path = PopularCell.swift; sourceTree = "<group>"; };
		EBDD1FC92B3D700300C1712A /* CategoryModel.swift */ = {isa = PBXFileReference; lastKnownFileType = sourcecode.swift; path = CategoryModel.swift; sourceTree = "<group>"; };
		EBDFCFAD2B455D3A00B1FE5E /* AwardsModel.swift */ = {isa = PBXFileReference; lastKnownFileType = sourcecode.swift; path = AwardsModel.swift; sourceTree = "<group>"; };
		EBDFCFAF2B457AD000B1FE5E /* UpcomingModel.swift */ = {isa = PBXFileReference; lastKnownFileType = sourcecode.swift; path = UpcomingModel.swift; sourceTree = "<group>"; };
		EBE76C212B396D550053E522 /* MainProtocols.swift */ = {isa = PBXFileReference; lastKnownFileType = sourcecode.swift; path = MainProtocols.swift; sourceTree = "<group>"; };
		EBE76C232B396DA50053E522 /* MainViewController.swift */ = {isa = PBXFileReference; lastKnownFileType = sourcecode.swift; path = MainViewController.swift; sourceTree = "<group>"; };
		EBE76C252B396DD90053E522 /* MainPresenter.swift */ = {isa = PBXFileReference; lastKnownFileType = sourcecode.swift; path = MainPresenter.swift; sourceTree = "<group>"; };
		EBE76C272B396E140053E522 /* MainInteractor.swift */ = {isa = PBXFileReference; lastKnownFileType = sourcecode.swift; path = MainInteractor.swift; sourceTree = "<group>"; };
		EBE76C292B396E370053E522 /* MainRouter.swift */ = {isa = PBXFileReference; lastKnownFileType = sourcecode.swift; path = MainRouter.swift; sourceTree = "<group>"; };
		EBE76C302B396EA20053E522 /* MovieListProtocols.swift */ = {isa = PBXFileReference; lastKnownFileType = sourcecode.swift; path = MovieListProtocols.swift; sourceTree = "<group>"; };
		EBE76C322B396EFB0053E522 /* MovieListViewController.swift */ = {isa = PBXFileReference; lastKnownFileType = sourcecode.swift; path = MovieListViewController.swift; sourceTree = "<group>"; };
		EBE76C342B396F2D0053E522 /* MovieListPresenter.swift */ = {isa = PBXFileReference; lastKnownFileType = sourcecode.swift; path = MovieListPresenter.swift; sourceTree = "<group>"; };
		EBE76C362B396F7F0053E522 /* MovieListInteractor.swift */ = {isa = PBXFileReference; lastKnownFileType = sourcecode.swift; path = MovieListInteractor.swift; sourceTree = "<group>"; };
		EBE76C382B396F9E0053E522 /* MovieListRouter.swift */ = {isa = PBXFileReference; lastKnownFileType = sourcecode.swift; path = MovieListRouter.swift; sourceTree = "<group>"; };
		EBE76C3F2B396FDD0053E522 /* PopularProtocols.swift */ = {isa = PBXFileReference; lastKnownFileType = sourcecode.swift; path = PopularProtocols.swift; sourceTree = "<group>"; };
		EBE76C412B39701C0053E522 /* PopularViewController.swift */ = {isa = PBXFileReference; lastKnownFileType = sourcecode.swift; path = PopularViewController.swift; sourceTree = "<group>"; };
		EBE76C432B39704B0053E522 /* PopularPresenter.swift */ = {isa = PBXFileReference; lastKnownFileType = sourcecode.swift; path = PopularPresenter.swift; sourceTree = "<group>"; };
		EBE76C452B39707B0053E522 /* PopularInteractor.swift */ = {isa = PBXFileReference; lastKnownFileType = sourcecode.swift; path = PopularInteractor.swift; sourceTree = "<group>"; };
		EBE76C472B39709F0053E522 /* PopularRouter.swift */ = {isa = PBXFileReference; lastKnownFileType = sourcecode.swift; path = PopularRouter.swift; sourceTree = "<group>"; };
		EBE76C4E2B3971180053E522 /* DetailProtocols.swift */ = {isa = PBXFileReference; lastKnownFileType = sourcecode.swift; path = DetailProtocols.swift; sourceTree = "<group>"; };
		EBE76C502B3971CA0053E522 /* DetailViewController.swift */ = {isa = PBXFileReference; lastKnownFileType = sourcecode.swift; path = DetailViewController.swift; sourceTree = "<group>"; };
		EBE76C522B3971FB0053E522 /* DetailPresenter.swift */ = {isa = PBXFileReference; lastKnownFileType = sourcecode.swift; path = DetailPresenter.swift; sourceTree = "<group>"; };
		EBE76C542B3972300053E522 /* DetailInteractor.swift */ = {isa = PBXFileReference; lastKnownFileType = sourcecode.swift; path = DetailInteractor.swift; sourceTree = "<group>"; };
		EBE76C562B3972500053E522 /* DetailRouter.swift */ = {isa = PBXFileReference; lastKnownFileType = sourcecode.swift; path = DetailRouter.swift; sourceTree = "<group>"; };
		EBE76C5D2B3972840053E522 /* WishlistProtocols.swift */ = {isa = PBXFileReference; lastKnownFileType = sourcecode.swift; path = WishlistProtocols.swift; sourceTree = "<group>"; };
		EBE76C5F2B3972B50053E522 /* WishlistViewController.swift */ = {isa = PBXFileReference; lastKnownFileType = sourcecode.swift; path = WishlistViewController.swift; sourceTree = "<group>"; };
		EBE76C612B3972DB0053E522 /* WishlistPresenter.swift */ = {isa = PBXFileReference; lastKnownFileType = sourcecode.swift; path = WishlistPresenter.swift; sourceTree = "<group>"; };
		EBE76C632B39732C0053E522 /* WishlistInteractor.swift */ = {isa = PBXFileReference; lastKnownFileType = sourcecode.swift; path = WishlistInteractor.swift; sourceTree = "<group>"; };
		EBE76C652B3973590053E522 /* WishlistRouter.swift */ = {isa = PBXFileReference; lastKnownFileType = sourcecode.swift; path = WishlistRouter.swift; sourceTree = "<group>"; };
		EBE76C6C2B39739E0053E522 /* SearchProtocols.swift */ = {isa = PBXFileReference; lastKnownFileType = sourcecode.swift; path = SearchProtocols.swift; sourceTree = "<group>"; };
		EBE76C6E2B3973D10053E522 /* SearchViewController.swift */ = {isa = PBXFileReference; lastKnownFileType = sourcecode.swift; path = SearchViewController.swift; sourceTree = "<group>"; };
		EBE76C702B3974080053E522 /* SearchPresenter.swift */ = {isa = PBXFileReference; lastKnownFileType = sourcecode.swift; path = SearchPresenter.swift; sourceTree = "<group>"; };
		EBE76C722B39743D0053E522 /* SearchInteractor.swift */ = {isa = PBXFileReference; lastKnownFileType = sourcecode.swift; path = SearchInteractor.swift; sourceTree = "<group>"; };
		EBE76C742B39746A0053E522 /* SearchRouter.swift */ = {isa = PBXFileReference; lastKnownFileType = sourcecode.swift; path = SearchRouter.swift; sourceTree = "<group>"; };
		EBE76C7B2B39749F0053E522 /* ProfileProtocols.swift */ = {isa = PBXFileReference; lastKnownFileType = sourcecode.swift; path = ProfileProtocols.swift; sourceTree = "<group>"; };
		EBE76C822B3974C30053E522 /* ChristmasProtocols.swift */ = {isa = PBXFileReference; lastKnownFileType = sourcecode.swift; path = ChristmasProtocols.swift; sourceTree = "<group>"; };
		EBE76C842B39767C0053E522 /* ProfileViewController.swift */ = {isa = PBXFileReference; lastKnownFileType = sourcecode.swift; path = ProfileViewController.swift; sourceTree = "<group>"; };
		EBE76C862B3976A30053E522 /* ProfilePresenter.swift */ = {isa = PBXFileReference; lastKnownFileType = sourcecode.swift; path = ProfilePresenter.swift; sourceTree = "<group>"; };
		EBE76C882B3976D70053E522 /* ProfileInteractor.swift */ = {isa = PBXFileReference; lastKnownFileType = sourcecode.swift; path = ProfileInteractor.swift; sourceTree = "<group>"; };
		EBE76C8A2B3976F70053E522 /* ProfileRouter.swift */ = {isa = PBXFileReference; lastKnownFileType = sourcecode.swift; path = ProfileRouter.swift; sourceTree = "<group>"; };
		EBE76C8C2B3977430053E522 /* ChristmasViewController.swift */ = {isa = PBXFileReference; lastKnownFileType = sourcecode.swift; path = ChristmasViewController.swift; sourceTree = "<group>"; };
		EBE76C8E2B3977680053E522 /* ChristmasPresenter.swift */ = {isa = PBXFileReference; lastKnownFileType = sourcecode.swift; path = ChristmasPresenter.swift; sourceTree = "<group>"; };
		EBE76C902B3977930053E522 /* ChristmasInteractor.swift */ = {isa = PBXFileReference; lastKnownFileType = sourcecode.swift; path = ChristmasInteractor.swift; sourceTree = "<group>"; };
		EBE76C922B3977B40053E522 /* ChristmasRouter.swift */ = {isa = PBXFileReference; lastKnownFileType = sourcecode.swift; path = ChristmasRouter.swift; sourceTree = "<group>"; };
		EBE76C992B3979B00053E522 /* TabBarProtocols.swift */ = {isa = PBXFileReference; lastKnownFileType = sourcecode.swift; path = TabBarProtocols.swift; sourceTree = "<group>"; };
		EBE76C9B2B3979E40053E522 /* TabBarViewController.swift */ = {isa = PBXFileReference; lastKnownFileType = sourcecode.swift; path = TabBarViewController.swift; sourceTree = "<group>"; };
		EBE76C9D2B397A020053E522 /* TabBarPresenter.swift */ = {isa = PBXFileReference; lastKnownFileType = sourcecode.swift; path = TabBarPresenter.swift; sourceTree = "<group>"; };
/* End PBXFileReference section */

/* Begin PBXFrameworksBuildPhase section */
		EB82675A2B38A1D50024BAAE /* Frameworks */ = {
			isa = PBXFrameworksBuildPhase;
			buildActionMask = 2147483647;
			files = (
				EBCA67D52B3C5629008B59B9 /* Kingfisher in Frameworks */,
				EB369B1C2B39BAD300BB4275 /* SnapKit in Frameworks */,
			);
			runOnlyForDeploymentPostprocessing = 0;
		};
/* End PBXFrameworksBuildPhase section */

/* Begin PBXGroup section */
		E13877FE2B43438D00054F5C /* CategoriesMenu */ = {
			isa = PBXGroup;
			children = (
				E13878012B43484200054F5C /* Cell */,
				E13877FF2B4343D900054F5C /* CategoriesMenuCollectionView.swift */,
			);
			path = CategoriesMenu;
			sourceTree = "<group>";
		};
		E13878012B43484200054F5C /* Cell */ = {
			isa = PBXGroup;
			children = (
				E1EE76B22B40048700BC5858 /* CategoriesMenuCell.swift */,
			);
			path = Cell;
			sourceTree = "<group>";
		};
		E1D824BA2B4B4703009E6B86 /* SearchViewController */ = {
			isa = PBXGroup;
			children = (
				EBE76C6E2B3973D10053E522 /* SearchViewController.swift */,
				E1EE76A92B3DC88D00BC5858 /* SearchViewController+UICollectionView.swift */,
				E1D824B42B489FCD009E6B86 /* SearchViewController+ResultsUpdate.swift */,
			);
			path = SearchViewController;
			sourceTree = "<group>";
		};
		E1D824BB2B4B471D009E6B86 /* SearchresultController */ = {
			isa = PBXGroup;
			children = (
				E1EE76A72B3DC5CF00BC5858 /* SearchResultsViewController.swift */,
				E1D824BC2B4B4748009E6B86 /* SearchResultController+UICollectionView.swift */,
			);
			path = SearchresultController;
			sourceTree = "<group>";
		};
		E1D824C72B4C940A009E6B86 /* Helpers */ = {
			isa = PBXGroup;
			children = (
				E1D824CF2B4C98DB009E6B86 /* BallView.swift */,
				E1D824CE2B4C98DB009E6B86 /* MovieView.swift */,
			);
			path = Helpers;
			sourceTree = "<group>";
		};
		E1D824CD2B4C987E009E6B86 /* Recovered References */ = {
			isa = PBXGroup;
			children = (
				EB20D07E2B42EC9100B5E094 /* BallView.swift */,
			);
			name = "Recovered References";
			sourceTree = "<group>";
		};
		E1EE76A42B3DC5B200BC5858 /* Cell */ = {
			isa = PBXGroup;
			children = (
				E1D824B62B4B3837009E6B86 /* PersonCell.swift */,
				E1EE76BC2B41BEED00BC5858 /* UpcomingMovieCell.swift */,
				E13878022B444AEF00054F5C /* SearchHeader.swift */,
			);
			path = Cell;
			sourceTree = "<group>";
		};
		E1EE76AB2B3F88E500BC5858 /* Entity */ = {
			isa = PBXGroup;
			children = (
				E1EE76B52B41B61E00BC5858 /* SearchSection.swift */,
				E1D824B82B4B4421009E6B86 /* SearchResultSection.swift */,
			);
			path = Entity;
			sourceTree = "<group>";
		};
		EB03F59A2B440C57004BAE47 /* PersonDetail */ = {
			isa = PBXGroup;
			children = (
				EB0945F02B46CBE800331EAD /* Entity */,
				EB03F59F2B440C7F004BAE47 /* Protocols */,
				EB03F59E2B440C7B004BAE47 /* View */,
				EB03F59D2B440C76004BAE47 /* Presenter */,
				EB03F59C2B440C72004BAE47 /* Interactor */,
				EB03F59B2B440C66004BAE47 /* Router */,
			);
			path = PersonDetail;
			sourceTree = "<group>";
		};
		EB03F59B2B440C66004BAE47 /* Router */ = {
			isa = PBXGroup;
			children = (
				EB03F5A02B440C90004BAE47 /* PersonDetailRouter.swift */,
			);
			path = Router;
			sourceTree = "<group>";
		};
		EB03F59C2B440C72004BAE47 /* Interactor */ = {
			isa = PBXGroup;
			children = (
				EB03F5A22B440C99004BAE47 /* PersonDetailInteractor.swift */,
			);
			path = Interactor;
			sourceTree = "<group>";
		};
		EB03F59D2B440C76004BAE47 /* Presenter */ = {
			isa = PBXGroup;
			children = (
				EB03F5A42B440C9F004BAE47 /* PersonDetailPresenter.swift */,
			);
			path = Presenter;
			sourceTree = "<group>";
		};
		EB03F59E2B440C7B004BAE47 /* View */ = {
			isa = PBXGroup;
			children = (
				EB03F5A62B440CA5004BAE47 /* PersonDetailViewController.swift */,
				EB03F5AC2B446E05004BAE47 /* Cell */,
			);
			path = View;
			sourceTree = "<group>";
		};
		EB03F59F2B440C7F004BAE47 /* Protocols */ = {
			isa = PBXGroup;
			children = (
				EB03F5A82B440CAC004BAE47 /* PersonDetailProtocols.swift */,
			);
			path = Protocols;
			sourceTree = "<group>";
		};
		EB03F5AC2B446E05004BAE47 /* Cell */ = {
			isa = PBXGroup;
			children = (
				EB0945F52B46CD0200331EAD /* FactsCell.swift */,
				EB0945F72B46D9A200331EAD /* AwardCell.swift */,
				EB0945F92B46DE5C00331EAD /* PersonHeader.swift */,
			);
			path = Cell;
			sourceTree = "<group>";
		};
		EB0945F02B46CBE800331EAD /* Entity */ = {
			isa = PBXGroup;
			children = (
				EB0945F12B46CC1200331EAD /* PersonSection.swift */,
				EB0945F32B46CC4100331EAD /* PersonItem.swift */,
			);
			path = Entity;
			sourceTree = "<group>";
		};
		EB369B082B3989B200BB4275 /* NetworkService */ = {
			isa = PBXGroup;
			children = (
				EB369B092B398B9E00BB4275 /* Base */,
				EB369B102B398CA100BB4275 /* MovieEndpoints.swift */,
				EB369B122B39911200BB4275 /* MovieClient.swift */,
				EB369B142B39940400BB4275 /* MovieService.swift */,
				EB369B162B399CE800BB4275 /* NetwrorkService.swift */,
			);
			path = NetworkService;
			sourceTree = "<group>";
		};
		EB369B092B398B9E00BB4275 /* Base */ = {
			isa = PBXGroup;
			children = (
				EB369B0A2B398BAB00BB4275 /* Endpoint.swift */,
				EB369B0E2B398BB900BB4275 /* RequestError.swift */,
			);
			path = Base;
			sourceTree = "<group>";
		};
		EB6CB2BD2B3C1AEC00DC30BC /* Helpers */ = {
			isa = PBXGroup;
			children = (
				E1EE76A02B3DC58A00BC5858 /* NavigationController + Extension.swift */,
				E1EE76A12B3DC58A00BC5858 /* UISearchController + Extension.swift */,
				EB6CB2BE2B3C1AFE00DC30BC /* Extension + UIColor.swift */,
				EB6CB2C02B3C203A00DC30BC /* Extension + UIFont.swift */,
			);
			path = Helpers;
			sourceTree = "<group>";
		};
		EB6CB2C22B3C205900DC30BC /* Fonts */ = {
			isa = PBXGroup;
			children = (
				EB6CB2D02B3C250600DC30BC /* Montserrat-Black.ttf */,
				EB6CB2CD2B3C250600DC30BC /* Montserrat-Bold.ttf */,
				EB6CB2CC2B3C250600DC30BC /* Montserrat-ExtraBold.ttf */,
				EB6CB2D32B3C250600DC30BC /* Montserrat-ExtraLight.ttf */,
				EB6CB2CE2B3C250600DC30BC /* Montserrat-Light.ttf */,
				EB6CB2CF2B3C250600DC30BC /* Montserrat-Medium.ttf */,
				EB6CB2D12B3C250600DC30BC /* Montserrat-Regular.ttf */,
				EB6CB2D22B3C250600DC30BC /* Montserrat-SemiBold.ttf */,
				EB6CB2D42B3C250600DC30BC /* Montserrat-Thin.ttf */,
			);
			path = Fonts;
			sourceTree = "<group>";
		};
		EB6CB2E02B3C31C800DC30BC /* Entity */ = {
			isa = PBXGroup;
			children = (
				EB6CB2E12B3C31D100DC30BC /* Section.swift */,
				EB6CB2E32B3C31DF00DC30BC /* ItemMain.swift */,
				EBDD1FC92B3D700300C1712A /* CategoryModel.swift */,
			);
			path = Entity;
			sourceTree = "<group>";
		};
		EB6CB2E52B3C49FA00DC30BC /* Cells */ = {
			isa = PBXGroup;
			children = (
				EBCA67D82B3C699D008B59B9 /* HeaderCell.swift */,
				EB6CB2E62B3C4A0200DC30BC /* CollectionCell.swift */,
				EBCA67DA2B3C6C22008B59B9 /* CategoriesCell.swift */,
				EBCA67DC2B3C74B7008B59B9 /* PopularCell.swift */,
			);
			path = Cells;
			sourceTree = "<group>";
		};
		EB7610532B402EA600B4D5B2 /* Heplers */ = {
			isa = PBXGroup;
			children = (
				EB7610542B402EB200B4D5B2 /* TabBarView.swift */,
			);
			path = Heplers;
			sourceTree = "<group>";
		};
		EB8267542B38A1D50024BAAE = {
			isa = PBXGroup;
			children = (
				EB82675F2B38A1D50024BAAE /* MovieHub */,
				EB82675E2B38A1D50024BAAE /* Products */,
				E1D824CD2B4C987E009E6B86 /* Recovered References */,
			);
			sourceTree = "<group>";
		};
		EB82675E2B38A1D50024BAAE /* Products */ = {
			isa = PBXGroup;
			children = (
				EB82675D2B38A1D50024BAAE /* MovieHub.app */,
			);
			name = Products;
			sourceTree = "<group>";
		};
		EB82675F2B38A1D50024BAAE /* MovieHub */ = {
			isa = PBXGroup;
			children = (
				EB8267742B38A2380024BAAE /* App */,
				EB8267912B38B7710024BAAE /* Builder */,
				EB8267812B38A4AD0024BAAE /* Entity */,
				EB8267762B38A2E80024BAAE /* Screens */,
				EB8267802B38A4230024BAAE /* Services */,
				EB8267752B38A28B0024BAAE /* Support */,
			);
			path = MovieHub;
			sourceTree = "<group>";
		};
		EB8267742B38A2380024BAAE /* App */ = {
			isa = PBXGroup;
			children = (
				EB8267602B38A1D50024BAAE /* AppDelegate.swift */,
				EB8267622B38A1D50024BAAE /* SceneDelegate.swift */,
			);
			path = App;
			sourceTree = "<group>";
		};
		EB8267752B38A28B0024BAAE /* Support */ = {
			isa = PBXGroup;
			children = (
				EB6CB2C22B3C205900DC30BC /* Fonts */,
				EB6CB2BD2B3C1AEC00DC30BC /* Helpers */,
				EB8267692B38A1D50024BAAE /* Assets.xcassets */,
				EB82676B2B38A1D50024BAAE /* LaunchScreen.storyboard */,
				EB82676E2B38A1D50024BAAE /* Info.plist */,
			);
			path = Support;
			sourceTree = "<group>";
		};
		EB8267762B38A2E80024BAAE /* Screens */ = {
			isa = PBXGroup;
			children = (
				EB03F59A2B440C57004BAE47 /* PersonDetail */,
				EBE76C942B3979170053E522 /* TabBar */,
				EB8267772B38A30A0024BAAE /* Onboarding */,
				EB8267782B38A3390024BAAE /* Main */,
				EB8267792B38A3B40024BAAE /* MovieList */,
				EB82677A2B38A3BE0024BAAE /* Popular */,
				EB82677B2B38A3CE0024BAAE /* Detail */,
				EB82677C2B38A3D90024BAAE /* Wishlist */,
				EB82677D2B38A3DF0024BAAE /* Search */,
				EB82677E2B38A3E50024BAAE /* Profile */,
				EB82677F2B38A40C0024BAAE /* Christmas */,
			);
			path = Screens;
			sourceTree = "<group>";
		};
		EB8267772B38A30A0024BAAE /* Onboarding */ = {
			isa = PBXGroup;
			children = (
				EB8267832B38A9530024BAAE /* Protocols */,
				EB8267852B38A9920024BAAE /* View */,
				EB8267862B38A99B0024BAAE /* Presenter */,
				EB8267842B38A9840024BAAE /* Interactor */,
				EB8267822B38A94E0024BAAE /* Router */,
			);
			path = Onboarding;
			sourceTree = "<group>";
		};
		EB8267782B38A3390024BAAE /* Main */ = {
			isa = PBXGroup;
			children = (
				EB6CB2E02B3C31C800DC30BC /* Entity */,
				EBE76C202B396D4E0053E522 /* Protocols */,
				EBE76C1F2B396D490053E522 /* View */,
				EBE76C1E2B396D430053E522 /* Presenter */,
				EBE76C1D2B396D340053E522 /* Interactor */,
				EBE76C1C2B396D2C0053E522 /* Router */,
			);
			path = Main;
			sourceTree = "<group>";
		};
		EB8267792B38A3B40024BAAE /* MovieList */ = {
			isa = PBXGroup;
			children = (
				EBE76C2F2B396E980053E522 /* Protocols */,
				EBE76C2E2B396E8E0053E522 /* View */,
				EBE76C2D2B396E830053E522 /* Presenter */,
				EBE76C2C2B396E7B0053E522 /* Interactor */,
				EBE76C2B2B396E770053E522 /* Router */,
			);
			path = MovieList;
			sourceTree = "<group>";
		};
		EB82677A2B38A3BE0024BAAE /* Popular */ = {
			isa = PBXGroup;
			children = (
				EBE76C3E2B396FD80053E522 /* Protocols */,
				EBE76C3D2B396FD30053E522 /* View */,
				EBE76C3C2B396FCE0053E522 /* Presenter */,
				EBE76C3B2B396FC50053E522 /* Interactor */,
				EBE76C3A2B396FBF0053E522 /* Router */,
			);
			path = Popular;
			sourceTree = "<group>";
		};
		EB82677B2B38A3CE0024BAAE /* Detail */ = {
			isa = PBXGroup;
			children = (
				EBE76C4D2B3971120053E522 /* Protocols */,
				EBE76C4C2B39710D0053E522 /* View */,
				EBE76C4B2B3971060053E522 /* Presenter */,
				EBE76C4A2B3971010053E522 /* Interactor */,
				EBE76C492B3970FC0053E522 /* Router */,
			);
			path = Detail;
			sourceTree = "<group>";
		};
		EB82677C2B38A3D90024BAAE /* Wishlist */ = {
			isa = PBXGroup;
			children = (
				EBE76C5C2B39727F0053E522 /* Protocols */,
				EBE76C5B2B3972790053E522 /* View */,
				EBE76C5A2B3972750053E522 /* Presenter */,
				EBE76C592B39726F0053E522 /* Interactor */,
				EBE76C582B39726A0053E522 /* Router */,
			);
			path = Wishlist;
			sourceTree = "<group>";
		};
		EB82677D2B38A3DF0024BAAE /* Search */ = {
			isa = PBXGroup;
			children = (
				E1EE76AB2B3F88E500BC5858 /* Entity */,
				EBE76C6B2B39739A0053E522 /* Protocols */,
				EBE76C6A2B3973950053E522 /* View */,
				EBE76C692B3973900053E522 /* Presenter */,
				EBE76C682B39738B0053E522 /* Interactor */,
				EBE76C672B3973840053E522 /* Router */,
			);
			path = Search;
			sourceTree = "<group>";
		};
		EB82677E2B38A3E50024BAAE /* Profile */ = {
			isa = PBXGroup;
			children = (
				EBE76C7A2B39749C0053E522 /* Protocols */,
				EBE76C792B3974970053E522 /* View */,
				EBE76C782B3974910053E522 /* Presenter */,
				EBE76C772B39748A0053E522 /* Interactor */,
				EBE76C762B3974850053E522 /* Router */,
			);
			path = Profile;
			sourceTree = "<group>";
		};
		EB82677F2B38A40C0024BAAE /* Christmas */ = {
			isa = PBXGroup;
			children = (
				EBE76C812B3974BF0053E522 /* Protocols */,
				EBE76C802B3974B60053E522 /* View */,
				EBE76C7F2B3974AE0053E522 /* Presenter */,
				EBE76C7E2B3974A90053E522 /* Interactor */,
				EBE76C7D2B3974A50053E522 /* Router */,
			);
			path = Christmas;
			sourceTree = "<group>";
		};
		EB8267802B38A4230024BAAE /* Services */ = {
			isa = PBXGroup;
			children = (
				EB369B082B3989B200BB4275 /* NetworkService */,
			);
			path = Services;
			sourceTree = "<group>";
		};
		EB8267812B38A4AD0024BAAE /* Entity */ = {
			isa = PBXGroup;
			children = (
				EBDFCFAD2B455D3A00B1FE5E /* AwardsModel.swift */,
				EB369B272B3B15D300BB4275 /* MovieGenre.swift */,
				EB369B182B39A2E500BB4275 /* SearchModel.swift */,
				EB369B1D2B39CA1700BB4275 /* PersonModel.swift */,
				EB369B292B3B20F100BB4275 /* PersonDetalModel.swift */,
				EB369B1F2B39D00F00BB4275 /* DetailModel.swift */,
				EB369B232B3AC51D00BB4275 /* ColletionModel.swift */,
				EB369B252B3B085800BB4275 /* CollectionDetailModel.swift */,
				EBDFCFAF2B457AD000B1FE5E /* UpcomingModel.swift */,
			);
			path = Entity;
			sourceTree = "<group>";
		};
		EB8267822B38A94E0024BAAE /* Router */ = {
			isa = PBXGroup;
			children = (
				EB82678F2B38B33E0024BAAE /* OnboardingRouter.swift */,
			);
			path = Router;
			sourceTree = "<group>";
		};
		EB8267832B38A9530024BAAE /* Protocols */ = {
			isa = PBXGroup;
			children = (
				EB8267892B38AB9A0024BAAE /* OnboardingProtocols.swift */,
			);
			path = Protocols;
			sourceTree = "<group>";
		};
		EB8267842B38A9840024BAAE /* Interactor */ = {
			isa = PBXGroup;
			children = (
				EB82678D2B38B2260024BAAE /* OnboardingInteractor.swift */,
			);
			path = Interactor;
			sourceTree = "<group>";
		};
		EB8267852B38A9920024BAAE /* View */ = {
			isa = PBXGroup;
			children = (
				EB8267872B38AB110024BAAE /* OnboardingViewController.swift */,
			);
			path = View;
			sourceTree = "<group>";
		};
		EB8267862B38A99B0024BAAE /* Presenter */ = {
			isa = PBXGroup;
			children = (
				EB82678B2B38B19B0024BAAE /* OnboardingPresenter.swift */,
			);
			path = Presenter;
			sourceTree = "<group>";
		};
		EB8267912B38B7710024BAAE /* Builder */ = {
			isa = PBXGroup;
			children = (
				EB8267922B38B7860024BAAE /* Builder.swift */,
			);
			path = Builder;
			sourceTree = "<group>";
		};
		EBDD1FCB2B3D898100C1712A /* Helpers */ = {
			isa = PBXGroup;
			children = (
				EB6CB2DE2B3C26FB00DC30BC /* AccountView.swift */,
			);
			path = Helpers;
			sourceTree = "<group>";
		};
		EBE76C1C2B396D2C0053E522 /* Router */ = {
			isa = PBXGroup;
			children = (
				EBE76C292B396E370053E522 /* MainRouter.swift */,
			);
			path = Router;
			sourceTree = "<group>";
		};
		EBE76C1D2B396D340053E522 /* Interactor */ = {
			isa = PBXGroup;
			children = (
				EBE76C272B396E140053E522 /* MainInteractor.swift */,
			);
			path = Interactor;
			sourceTree = "<group>";
		};
		EBE76C1E2B396D430053E522 /* Presenter */ = {
			isa = PBXGroup;
			children = (
				EBE76C252B396DD90053E522 /* MainPresenter.swift */,
			);
			path = Presenter;
			sourceTree = "<group>";
		};
		EBE76C1F2B396D490053E522 /* View */ = {
			isa = PBXGroup;
			children = (
				EBE76C232B396DA50053E522 /* MainViewController.swift */,
				EB6CB2E52B3C49FA00DC30BC /* Cells */,
				EBDD1FCB2B3D898100C1712A /* Helpers */,
			);
			path = View;
			sourceTree = "<group>";
		};
		EBE76C202B396D4E0053E522 /* Protocols */ = {
			isa = PBXGroup;
			children = (
				EBE76C212B396D550053E522 /* MainProtocols.swift */,
			);
			path = Protocols;
			sourceTree = "<group>";
		};
		EBE76C2B2B396E770053E522 /* Router */ = {
			isa = PBXGroup;
			children = (
				EBE76C382B396F9E0053E522 /* MovieListRouter.swift */,
			);
			path = Router;
			sourceTree = "<group>";
		};
		EBE76C2C2B396E7B0053E522 /* Interactor */ = {
			isa = PBXGroup;
			children = (
				EBE76C362B396F7F0053E522 /* MovieListInteractor.swift */,
			);
			path = Interactor;
			sourceTree = "<group>";
		};
		EBE76C2D2B396E830053E522 /* Presenter */ = {
			isa = PBXGroup;
			children = (
				EBE76C342B396F2D0053E522 /* MovieListPresenter.swift */,
			);
			path = Presenter;
			sourceTree = "<group>";
		};
		EBE76C2E2B396E8E0053E522 /* View */ = {
			isa = PBXGroup;
			children = (
				EBE76C322B396EFB0053E522 /* MovieListViewController.swift */,
			);
			path = View;
			sourceTree = "<group>";
		};
		EBE76C2F2B396E980053E522 /* Protocols */ = {
			isa = PBXGroup;
			children = (
				EBE76C302B396EA20053E522 /* MovieListProtocols.swift */,
			);
			path = Protocols;
			sourceTree = "<group>";
		};
		EBE76C3A2B396FBF0053E522 /* Router */ = {
			isa = PBXGroup;
			children = (
				EBE76C472B39709F0053E522 /* PopularRouter.swift */,
			);
			path = Router;
			sourceTree = "<group>";
		};
		EBE76C3B2B396FC50053E522 /* Interactor */ = {
			isa = PBXGroup;
			children = (
				EBE76C452B39707B0053E522 /* PopularInteractor.swift */,
			);
			path = Interactor;
			sourceTree = "<group>";
		};
		EBE76C3C2B396FCE0053E522 /* Presenter */ = {
			isa = PBXGroup;
			children = (
				EBE76C432B39704B0053E522 /* PopularPresenter.swift */,
			);
			path = Presenter;
			sourceTree = "<group>";
		};
		EBE76C3D2B396FD30053E522 /* View */ = {
			isa = PBXGroup;
			children = (
				EBE76C412B39701C0053E522 /* PopularViewController.swift */,
			);
			path = View;
			sourceTree = "<group>";
		};
		EBE76C3E2B396FD80053E522 /* Protocols */ = {
			isa = PBXGroup;
			children = (
				EBE76C3F2B396FDD0053E522 /* PopularProtocols.swift */,
			);
			path = Protocols;
			sourceTree = "<group>";
		};
		EBE76C492B3970FC0053E522 /* Router */ = {
			isa = PBXGroup;
			children = (
				EBE76C562B3972500053E522 /* DetailRouter.swift */,
			);
			path = Router;
			sourceTree = "<group>";
		};
		EBE76C4A2B3971010053E522 /* Interactor */ = {
			isa = PBXGroup;
			children = (
				EBE76C542B3972300053E522 /* DetailInteractor.swift */,
			);
			path = Interactor;
			sourceTree = "<group>";
		};
		EBE76C4B2B3971060053E522 /* Presenter */ = {
			isa = PBXGroup;
			children = (
				EBE76C522B3971FB0053E522 /* DetailPresenter.swift */,
			);
			path = Presenter;
			sourceTree = "<group>";
		};
		EBE76C4C2B39710D0053E522 /* View */ = {
			isa = PBXGroup;
			children = (
				EBE76C502B3971CA0053E522 /* DetailViewController.swift */,
			);
			path = View;
			sourceTree = "<group>";
		};
		EBE76C4D2B3971120053E522 /* Protocols */ = {
			isa = PBXGroup;
			children = (
				EBE76C4E2B3971180053E522 /* DetailProtocols.swift */,
			);
			path = Protocols;
			sourceTree = "<group>";
		};
		EBE76C582B39726A0053E522 /* Router */ = {
			isa = PBXGroup;
			children = (
				EBE76C652B3973590053E522 /* WishlistRouter.swift */,
			);
			path = Router;
			sourceTree = "<group>";
		};
		EBE76C592B39726F0053E522 /* Interactor */ = {
			isa = PBXGroup;
			children = (
				EBE76C632B39732C0053E522 /* WishlistInteractor.swift */,
			);
			path = Interactor;
			sourceTree = "<group>";
		};
		EBE76C5A2B3972750053E522 /* Presenter */ = {
			isa = PBXGroup;
			children = (
				EBE76C612B3972DB0053E522 /* WishlistPresenter.swift */,
			);
			path = Presenter;
			sourceTree = "<group>";
		};
		EBE76C5B2B3972790053E522 /* View */ = {
			isa = PBXGroup;
			children = (
				EBE76C5F2B3972B50053E522 /* WishlistViewController.swift */,
			);
			path = View;
			sourceTree = "<group>";
		};
		EBE76C5C2B39727F0053E522 /* Protocols */ = {
			isa = PBXGroup;
			children = (
				EBE76C5D2B3972840053E522 /* WishlistProtocols.swift */,
			);
			path = Protocols;
			sourceTree = "<group>";
		};
		EBE76C672B3973840053E522 /* Router */ = {
			isa = PBXGroup;
			children = (
				EBE76C742B39746A0053E522 /* SearchRouter.swift */,
			);
			path = Router;
			sourceTree = "<group>";
		};
		EBE76C682B39738B0053E522 /* Interactor */ = {
			isa = PBXGroup;
			children = (
				EBE76C722B39743D0053E522 /* SearchInteractor.swift */,
			);
			path = Interactor;
			sourceTree = "<group>";
		};
		EBE76C692B3973900053E522 /* Presenter */ = {
			isa = PBXGroup;
			children = (
				EBE76C702B3974080053E522 /* SearchPresenter.swift */,
			);
			path = Presenter;
			sourceTree = "<group>";
		};
		EBE76C6A2B3973950053E522 /* View */ = {
			isa = PBXGroup;
			children = (
				E13877FE2B43438D00054F5C /* CategoriesMenu */,
				E1EE76A42B3DC5B200BC5858 /* Cell */,
				E1D824BA2B4B4703009E6B86 /* SearchViewController */,
				E1D824BB2B4B471D009E6B86 /* SearchresultController */,
			);
			path = View;
			sourceTree = "<group>";
		};
		EBE76C6B2B39739A0053E522 /* Protocols */ = {
			isa = PBXGroup;
			children = (
				EBE76C6C2B39739E0053E522 /* SearchProtocols.swift */,
			);
			path = Protocols;
			sourceTree = "<group>";
		};
		EBE76C762B3974850053E522 /* Router */ = {
			isa = PBXGroup;
			children = (
				EBE76C8A2B3976F70053E522 /* ProfileRouter.swift */,
			);
			path = Router;
			sourceTree = "<group>";
		};
		EBE76C772B39748A0053E522 /* Interactor */ = {
			isa = PBXGroup;
			children = (
				EBE76C882B3976D70053E522 /* ProfileInteractor.swift */,
			);
			path = Interactor;
			sourceTree = "<group>";
		};
		EBE76C782B3974910053E522 /* Presenter */ = {
			isa = PBXGroup;
			children = (
				EBE76C862B3976A30053E522 /* ProfilePresenter.swift */,
			);
			path = Presenter;
			sourceTree = "<group>";
		};
		EBE76C792B3974970053E522 /* View */ = {
			isa = PBXGroup;
			children = (
				EBE76C842B39767C0053E522 /* ProfileViewController.swift */,
			);
			path = View;
			sourceTree = "<group>";
		};
		EBE76C7A2B39749C0053E522 /* Protocols */ = {
			isa = PBXGroup;
			children = (
				EBE76C7B2B39749F0053E522 /* ProfileProtocols.swift */,
			);
			path = Protocols;
			sourceTree = "<group>";
		};
		EBE76C7D2B3974A50053E522 /* Router */ = {
			isa = PBXGroup;
			children = (
				EBE76C922B3977B40053E522 /* ChristmasRouter.swift */,
			);
			path = Router;
			sourceTree = "<group>";
		};
		EBE76C7E2B3974A90053E522 /* Interactor */ = {
			isa = PBXGroup;
			children = (
				EBE76C902B3977930053E522 /* ChristmasInteractor.swift */,
			);
			path = Interactor;
			sourceTree = "<group>";
		};
		EBE76C7F2B3974AE0053E522 /* Presenter */ = {
			isa = PBXGroup;
			children = (
				EBE76C8E2B3977680053E522 /* ChristmasPresenter.swift */,
			);
			path = Presenter;
			sourceTree = "<group>";
		};
		EBE76C802B3974B60053E522 /* View */ = {
			isa = PBXGroup;
			children = (
				E1D824C72B4C940A009E6B86 /* Helpers */,
				EBE76C8C2B3977430053E522 /* ChristmasViewController.swift */,
			);
			path = View;
			sourceTree = "<group>";
		};
		EBE76C812B3974BF0053E522 /* Protocols */ = {
			isa = PBXGroup;
			children = (
				EBE76C822B3974C30053E522 /* ChristmasProtocols.swift */,
			);
			path = Protocols;
			sourceTree = "<group>";
		};
		EBE76C942B3979170053E522 /* TabBar */ = {
			isa = PBXGroup;
			children = (
				EBE76C982B3979A20053E522 /* Protocols */,
				EBE76C972B39799B0053E522 /* View */,
				EBE76C962B3979950053E522 /* Presenter */,
			);
			path = TabBar;
			sourceTree = "<group>";
		};
		EBE76C962B3979950053E522 /* Presenter */ = {
			isa = PBXGroup;
			children = (
				EBE76C9D2B397A020053E522 /* TabBarPresenter.swift */,
			);
			path = Presenter;
			sourceTree = "<group>";
		};
		EBE76C972B39799B0053E522 /* View */ = {
			isa = PBXGroup;
			children = (
				EBE76C9B2B3979E40053E522 /* TabBarViewController.swift */,
				EB7610532B402EA600B4D5B2 /* Heplers */,
			);
			path = View;
			sourceTree = "<group>";
		};
		EBE76C982B3979A20053E522 /* Protocols */ = {
			isa = PBXGroup;
			children = (
				EBE76C992B3979B00053E522 /* TabBarProtocols.swift */,
			);
			path = Protocols;
			sourceTree = "<group>";
		};
/* End PBXGroup section */

/* Begin PBXNativeTarget section */
		EB82675C2B38A1D50024BAAE /* MovieHub */ = {
			isa = PBXNativeTarget;
			buildConfigurationList = EB8267712B38A1D50024BAAE /* Build configuration list for PBXNativeTarget "MovieHub" */;
			buildPhases = (
				EB8267592B38A1D50024BAAE /* Sources */,
				EB82675A2B38A1D50024BAAE /* Frameworks */,
				EB82675B2B38A1D50024BAAE /* Resources */,
			);
			buildRules = (
			);
			dependencies = (
			);
			name = MovieHub;
			packageProductDependencies = (
				EB369B1B2B39BAD300BB4275 /* SnapKit */,
				EBCA67D42B3C5629008B59B9 /* Kingfisher */,
			);
			productName = MovieHub;
			productReference = EB82675D2B38A1D50024BAAE /* MovieHub.app */;
			productType = "com.apple.product-type.application";
		};
/* End PBXNativeTarget section */

/* Begin PBXProject section */
		EB8267552B38A1D50024BAAE /* Project object */ = {
			isa = PBXProject;
			attributes = {
				BuildIndependentTargetsInParallel = 1;
				LastSwiftUpdateCheck = 1500;
				LastUpgradeCheck = 1500;
				TargetAttributes = {
					EB82675C2B38A1D50024BAAE = {
						CreatedOnToolsVersion = 15.0;
					};
				};
			};
			buildConfigurationList = EB8267582B38A1D50024BAAE /* Build configuration list for PBXProject "MovieHub" */;
			compatibilityVersion = "Xcode 14.0";
			developmentRegion = en;
			hasScannedForEncodings = 0;
			knownRegions = (
				en,
				Base,
			);
			mainGroup = EB8267542B38A1D50024BAAE;
			packageReferences = (
				EB369B1A2B39BAD300BB4275 /* XCRemoteSwiftPackageReference "SnapKit" */,
				EBCA67D32B3C5629008B59B9 /* XCRemoteSwiftPackageReference "Kingfisher" */,
			);
			productRefGroup = EB82675E2B38A1D50024BAAE /* Products */;
			projectDirPath = "";
			projectRoot = "";
			targets = (
				EB82675C2B38A1D50024BAAE /* MovieHub */,
			);
		};
/* End PBXProject section */

/* Begin PBXResourcesBuildPhase section */
		EB82675B2B38A1D50024BAAE /* Resources */ = {
			isa = PBXResourcesBuildPhase;
			buildActionMask = 2147483647;
			files = (
				EB6CB2DA2B3C250600DC30BC /* Montserrat-Regular.ttf in Resources */,
				EB6CB2D72B3C250600DC30BC /* Montserrat-Light.ttf in Resources */,
				EB6CB2D92B3C250600DC30BC /* Montserrat-Black.ttf in Resources */,
				EB6CB2D62B3C250600DC30BC /* Montserrat-Bold.ttf in Resources */,
				EB82676D2B38A1D50024BAAE /* LaunchScreen.storyboard in Resources */,
				EB6CB2D52B3C250600DC30BC /* Montserrat-ExtraBold.ttf in Resources */,
				EB6CB2DB2B3C250600DC30BC /* Montserrat-SemiBold.ttf in Resources */,
				EB6CB2DD2B3C250600DC30BC /* Montserrat-Thin.ttf in Resources */,
				EB6CB2D82B3C250600DC30BC /* Montserrat-Medium.ttf in Resources */,
				EB82676A2B38A1D50024BAAE /* Assets.xcassets in Resources */,
				EB6CB2DC2B3C250600DC30BC /* Montserrat-ExtraLight.ttf in Resources */,
			);
			runOnlyForDeploymentPostprocessing = 0;
		};
/* End PBXResourcesBuildPhase section */

/* Begin PBXSourcesBuildPhase section */
		EB8267592B38A1D50024BAAE /* Sources */ = {
			isa = PBXSourcesBuildPhase;
			buildActionMask = 2147483647;
			files = (
				E1D824D22B4C99F1009E6B86 /* BallView.swift in Sources */,
				EBE76C482B39709F0053E522 /* PopularRouter.swift in Sources */,
				EBE76C732B39743D0053E522 /* SearchInteractor.swift in Sources */,
				EB82678A2B38AB9A0024BAAE /* OnboardingProtocols.swift in Sources */,
				EB369B192B39A2E500BB4275 /* SearchModel.swift in Sources */,
				EB369B262B3B085800BB4275 /* CollectionDetailModel.swift in Sources */,
				EB369B132B39911200BB4275 /* MovieClient.swift in Sources */,
				EB7610552B402EB200B4D5B2 /* TabBarView.swift in Sources */,
				EB0945F42B46CC4100331EAD /* PersonItem.swift in Sources */,
				EB369B242B3AC51D00BB4275 /* ColletionModel.swift in Sources */,
				EBE76C712B3974080053E522 /* SearchPresenter.swift in Sources */,
				EB369B202B39D00F00BB4275 /* DetailModel.swift in Sources */,
				EBE76C622B3972DB0053E522 /* WishlistPresenter.swift in Sources */,
				EBDFCFB02B457AD000B1FE5E /* UpcomingModel.swift in Sources */,
				EBE76C512B3971CA0053E522 /* DetailViewController.swift in Sources */,
				EBE76C552B3972300053E522 /* DetailInteractor.swift in Sources */,
				EB03F5A52B440C9F004BAE47 /* PersonDetailPresenter.swift in Sources */,
				E1EE76B32B40048700BC5858 /* CategoriesMenuCell.swift in Sources */,
				EBE76C642B39732C0053E522 /* WishlistInteractor.swift in Sources */,
				EBDD1FCA2B3D700300C1712A /* CategoryModel.swift in Sources */,
				EB369B0F2B398BB900BB4275 /* RequestError.swift in Sources */,
				EB0945F22B46CC1200331EAD /* PersonSection.swift in Sources */,
				EB82678E2B38B2260024BAAE /* OnboardingInteractor.swift in Sources */,
				EB6CB2E22B3C31D100DC30BC /* Section.swift in Sources */,
				EB369B1E2B39CA1700BB4275 /* PersonModel.swift in Sources */,
				EB369B282B3B15D300BB4275 /* MovieGenre.swift in Sources */,
				EBE76C9A2B3979B00053E522 /* TabBarProtocols.swift in Sources */,
				E1EE76BD2B41BEED00BC5858 /* UpcomingMovieCell.swift in Sources */,
				EBCA67DD2B3C74B7008B59B9 /* PopularCell.swift in Sources */,
				EBE76C7C2B39749F0053E522 /* ProfileProtocols.swift in Sources */,
				EBE76C572B3972500053E522 /* DetailRouter.swift in Sources */,
				EB6CB2DF2B3C26FB00DC30BC /* AccountView.swift in Sources */,
				E1D824B72B4B3837009E6B86 /* PersonCell.swift in Sources */,
				EB8267612B38A1D50024BAAE /* AppDelegate.swift in Sources */,
				EBE76C602B3972B50053E522 /* WishlistViewController.swift in Sources */,
				EBE76C372B396F7F0053E522 /* MovieListInteractor.swift in Sources */,
				EBE76C222B396D550053E522 /* MainProtocols.swift in Sources */,
				EBE76C832B3974C30053E522 /* ChristmasProtocols.swift in Sources */,
				EB82678C2B38B19B0024BAAE /* OnboardingPresenter.swift in Sources */,
				EB6CB2E72B3C4A0200DC30BC /* CollectionCell.swift in Sources */,
				EBE76C442B39704B0053E522 /* PopularPresenter.swift in Sources */,
				E1D824B52B489FCD009E6B86 /* SearchViewController+ResultsUpdate.swift in Sources */,
				EBCA67DB2B3C6C22008B59B9 /* CategoriesCell.swift in Sources */,
				EBE76C2A2B396E370053E522 /* MainRouter.swift in Sources */,
				E13878032B444AEF00054F5C /* SearchHeader.swift in Sources */,
				EBE76C6F2B3973D10053E522 /* SearchViewController.swift in Sources */,
				EB6CB2BF2B3C1AFE00DC30BC /* Extension + UIColor.swift in Sources */,
				EB0945FA2B46DE5C00331EAD /* PersonHeader.swift in Sources */,
				EBE76C6D2B39739E0053E522 /* SearchProtocols.swift in Sources */,
				EBE76C662B3973590053E522 /* WishlistRouter.swift in Sources */,
				EBE76C332B396EFB0053E522 /* MovieListViewController.swift in Sources */,
				EB6CB2C12B3C203A00DC30BC /* Extension + UIFont.swift in Sources */,
				EBE76C352B396F2D0053E522 /* MovieListPresenter.swift in Sources */,
				EBE76C402B396FDD0053E522 /* PopularProtocols.swift in Sources */,
				E1EE76AA2B3DC88D00BC5858 /* SearchViewController+UICollectionView.swift in Sources */,
				EBE76C8D2B3977430053E522 /* ChristmasViewController.swift in Sources */,
				EB0945F82B46D9A200331EAD /* AwardCell.swift in Sources */,
				EB8267932B38B7860024BAAE /* Builder.swift in Sources */,
				EBE76C462B39707B0053E522 /* PopularInteractor.swift in Sources */,
				EB0945F62B46CD0200331EAD /* FactsCell.swift in Sources */,
				EB03F5A72B440CA5004BAE47 /* PersonDetailViewController.swift in Sources */,
				EB8267902B38B33E0024BAAE /* OnboardingRouter.swift in Sources */,
				EBE76C4F2B3971180053E522 /* DetailProtocols.swift in Sources */,
				E1D824BD2B4B4748009E6B86 /* SearchResultController+UICollectionView.swift in Sources */,
				E1D824B92B4B4421009E6B86 /* SearchResultSection.swift in Sources */,
				E1EE76A22B3DC58A00BC5858 /* NavigationController + Extension.swift in Sources */,
				E1EE76A82B3DC5CF00BC5858 /* SearchResultsViewController.swift in Sources */,
				E1D824D02B4C98DB009E6B86 /* MovieView.swift in Sources */,
				EB8267632B38A1D50024BAAE /* SceneDelegate.swift in Sources */,
				EBE76C312B396EA20053E522 /* MovieListProtocols.swift in Sources */,
				E1EE76A32B3DC58A00BC5858 /* UISearchController + Extension.swift in Sources */,
				EBE76C392B396F9E0053E522 /* MovieListRouter.swift in Sources */,
				EBE76C8B2B3976F70053E522 /* ProfileRouter.swift in Sources */,
				EB03F5A12B440C90004BAE47 /* PersonDetailRouter.swift in Sources */,
				EBE76C892B3976D70053E522 /* ProfileInteractor.swift in Sources */,
				EB369B112B398CA100BB4275 /* MovieEndpoints.swift in Sources */,
				EBE76C262B396DD90053E522 /* MainPresenter.swift in Sources */,
				EBE76C422B39701C0053E522 /* PopularViewController.swift in Sources */,
				EBE76C9E2B397A020053E522 /* TabBarPresenter.swift in Sources */,
				EB03F5A32B440C99004BAE47 /* PersonDetailInteractor.swift in Sources */,
				EBE76C9C2B3979E40053E522 /* TabBarViewController.swift in Sources */,
				E13878002B4343D900054F5C /* CategoriesMenuCollectionView.swift in Sources */,
				EBE76C5E2B3972840053E522 /* WishlistProtocols.swift in Sources */,
				EB8267882B38AB110024BAAE /* OnboardingViewController.swift in Sources */,
				EB369B2A2B3B20F100BB4275 /* PersonDetalModel.swift in Sources */,
				EB369B0B2B398BAB00BB4275 /* Endpoint.swift in Sources */,
				EBE76C852B39767C0053E522 /* ProfileViewController.swift in Sources */,
				EB369B152B39940400BB4275 /* MovieService.swift in Sources */,
				EB6CB2E42B3C31DF00DC30BC /* ItemMain.swift in Sources */,
				EB369B172B399CE800BB4275 /* NetwrorkService.swift in Sources */,
				EBE76C532B3971FB0053E522 /* DetailPresenter.swift in Sources */,
				EBCA67D92B3C699D008B59B9 /* HeaderCell.swift in Sources */,
				EBE76C8F2B3977680053E522 /* ChristmasPresenter.swift in Sources */,
				E1EE76B82B41B61E00BC5858 /* SearchSection.swift in Sources */,
				EBE76C872B3976A30053E522 /* ProfilePresenter.swift in Sources */,
				EBE76C242B396DA50053E522 /* MainViewController.swift in Sources */,
				EBE76C752B39746A0053E522 /* SearchRouter.swift in Sources */,
				EBDFCFAE2B455D3A00B1FE5E /* AwardsModel.swift in Sources */,
				EBE76C912B3977930053E522 /* ChristmasInteractor.swift in Sources */,
				EBE76C282B396E140053E522 /* MainInteractor.swift in Sources */,
				EB03F5A92B440CAC004BAE47 /* PersonDetailProtocols.swift in Sources */,
				EBE76C932B3977B40053E522 /* ChristmasRouter.swift in Sources */,
			);
			runOnlyForDeploymentPostprocessing = 0;
		};
/* End PBXSourcesBuildPhase section */

/* Begin PBXVariantGroup section */
		EB82676B2B38A1D50024BAAE /* LaunchScreen.storyboard */ = {
			isa = PBXVariantGroup;
			children = (
				EB82676C2B38A1D50024BAAE /* Base */,
			);
			name = LaunchScreen.storyboard;
			sourceTree = "<group>";
		};
/* End PBXVariantGroup section */

/* Begin XCBuildConfiguration section */
		EB82676F2B38A1D50024BAAE /* Debug */ = {
			isa = XCBuildConfiguration;
			buildSettings = {
				ALWAYS_SEARCH_USER_PATHS = NO;
				ASSETCATALOG_COMPILER_GENERATE_SWIFT_ASSET_SYMBOL_EXTENSIONS = YES;
				CLANG_ANALYZER_NONNULL = YES;
				CLANG_ANALYZER_NUMBER_OBJECT_CONVERSION = YES_AGGRESSIVE;
				CLANG_CXX_LANGUAGE_STANDARD = "gnu++20";
				CLANG_ENABLE_MODULES = YES;
				CLANG_ENABLE_OBJC_ARC = YES;
				CLANG_ENABLE_OBJC_WEAK = YES;
				CLANG_WARN_BLOCK_CAPTURE_AUTORELEASING = YES;
				CLANG_WARN_BOOL_CONVERSION = YES;
				CLANG_WARN_COMMA = YES;
				CLANG_WARN_CONSTANT_CONVERSION = YES;
				CLANG_WARN_DEPRECATED_OBJC_IMPLEMENTATIONS = YES;
				CLANG_WARN_DIRECT_OBJC_ISA_USAGE = YES_ERROR;
				CLANG_WARN_DOCUMENTATION_COMMENTS = YES;
				CLANG_WARN_EMPTY_BODY = YES;
				CLANG_WARN_ENUM_CONVERSION = YES;
				CLANG_WARN_INFINITE_RECURSION = YES;
				CLANG_WARN_INT_CONVERSION = YES;
				CLANG_WARN_NON_LITERAL_NULL_CONVERSION = YES;
				CLANG_WARN_OBJC_IMPLICIT_RETAIN_SELF = YES;
				CLANG_WARN_OBJC_LITERAL_CONVERSION = YES;
				CLANG_WARN_OBJC_ROOT_CLASS = YES_ERROR;
				CLANG_WARN_QUOTED_INCLUDE_IN_FRAMEWORK_HEADER = YES;
				CLANG_WARN_RANGE_LOOP_ANALYSIS = YES;
				CLANG_WARN_STRICT_PROTOTYPES = YES;
				CLANG_WARN_SUSPICIOUS_MOVE = YES;
				CLANG_WARN_UNGUARDED_AVAILABILITY = YES_AGGRESSIVE;
				CLANG_WARN_UNREACHABLE_CODE = YES;
				CLANG_WARN__DUPLICATE_METHOD_MATCH = YES;
				COPY_PHASE_STRIP = NO;
				DEBUG_INFORMATION_FORMAT = dwarf;
				ENABLE_STRICT_OBJC_MSGSEND = YES;
				ENABLE_TESTABILITY = YES;
				ENABLE_USER_SCRIPT_SANDBOXING = YES;
				GCC_C_LANGUAGE_STANDARD = gnu17;
				GCC_DYNAMIC_NO_PIC = NO;
				GCC_NO_COMMON_BLOCKS = YES;
				GCC_OPTIMIZATION_LEVEL = 0;
				GCC_PREPROCESSOR_DEFINITIONS = (
					"DEBUG=1",
					"$(inherited)",
				);
				GCC_WARN_64_TO_32_BIT_CONVERSION = YES;
				GCC_WARN_ABOUT_RETURN_TYPE = YES_ERROR;
				GCC_WARN_UNDECLARED_SELECTOR = YES;
				GCC_WARN_UNINITIALIZED_AUTOS = YES_AGGRESSIVE;
				GCC_WARN_UNUSED_FUNCTION = YES;
				GCC_WARN_UNUSED_VARIABLE = YES;
				IPHONEOS_DEPLOYMENT_TARGET = 17.0;
				LOCALIZATION_PREFERS_STRING_CATALOGS = YES;
				MTL_ENABLE_DEBUG_INFO = INCLUDE_SOURCE;
				MTL_FAST_MATH = YES;
				ONLY_ACTIVE_ARCH = YES;
				SDKROOT = iphoneos;
				SWIFT_ACTIVE_COMPILATION_CONDITIONS = "DEBUG $(inherited)";
				SWIFT_OPTIMIZATION_LEVEL = "-Onone";
			};
			name = Debug;
		};
		EB8267702B38A1D50024BAAE /* Release */ = {
			isa = XCBuildConfiguration;
			buildSettings = {
				ALWAYS_SEARCH_USER_PATHS = NO;
				ASSETCATALOG_COMPILER_GENERATE_SWIFT_ASSET_SYMBOL_EXTENSIONS = YES;
				CLANG_ANALYZER_NONNULL = YES;
				CLANG_ANALYZER_NUMBER_OBJECT_CONVERSION = YES_AGGRESSIVE;
				CLANG_CXX_LANGUAGE_STANDARD = "gnu++20";
				CLANG_ENABLE_MODULES = YES;
				CLANG_ENABLE_OBJC_ARC = YES;
				CLANG_ENABLE_OBJC_WEAK = YES;
				CLANG_WARN_BLOCK_CAPTURE_AUTORELEASING = YES;
				CLANG_WARN_BOOL_CONVERSION = YES;
				CLANG_WARN_COMMA = YES;
				CLANG_WARN_CONSTANT_CONVERSION = YES;
				CLANG_WARN_DEPRECATED_OBJC_IMPLEMENTATIONS = YES;
				CLANG_WARN_DIRECT_OBJC_ISA_USAGE = YES_ERROR;
				CLANG_WARN_DOCUMENTATION_COMMENTS = YES;
				CLANG_WARN_EMPTY_BODY = YES;
				CLANG_WARN_ENUM_CONVERSION = YES;
				CLANG_WARN_INFINITE_RECURSION = YES;
				CLANG_WARN_INT_CONVERSION = YES;
				CLANG_WARN_NON_LITERAL_NULL_CONVERSION = YES;
				CLANG_WARN_OBJC_IMPLICIT_RETAIN_SELF = YES;
				CLANG_WARN_OBJC_LITERAL_CONVERSION = YES;
				CLANG_WARN_OBJC_ROOT_CLASS = YES_ERROR;
				CLANG_WARN_QUOTED_INCLUDE_IN_FRAMEWORK_HEADER = YES;
				CLANG_WARN_RANGE_LOOP_ANALYSIS = YES;
				CLANG_WARN_STRICT_PROTOTYPES = YES;
				CLANG_WARN_SUSPICIOUS_MOVE = YES;
				CLANG_WARN_UNGUARDED_AVAILABILITY = YES_AGGRESSIVE;
				CLANG_WARN_UNREACHABLE_CODE = YES;
				CLANG_WARN__DUPLICATE_METHOD_MATCH = YES;
				COPY_PHASE_STRIP = NO;
				DEBUG_INFORMATION_FORMAT = "dwarf-with-dsym";
				ENABLE_NS_ASSERTIONS = NO;
				ENABLE_STRICT_OBJC_MSGSEND = YES;
				ENABLE_USER_SCRIPT_SANDBOXING = YES;
				GCC_C_LANGUAGE_STANDARD = gnu17;
				GCC_NO_COMMON_BLOCKS = YES;
				GCC_WARN_64_TO_32_BIT_CONVERSION = YES;
				GCC_WARN_ABOUT_RETURN_TYPE = YES_ERROR;
				GCC_WARN_UNDECLARED_SELECTOR = YES;
				GCC_WARN_UNINITIALIZED_AUTOS = YES_AGGRESSIVE;
				GCC_WARN_UNUSED_FUNCTION = YES;
				GCC_WARN_UNUSED_VARIABLE = YES;
				IPHONEOS_DEPLOYMENT_TARGET = 17.0;
				LOCALIZATION_PREFERS_STRING_CATALOGS = YES;
				MTL_ENABLE_DEBUG_INFO = NO;
				MTL_FAST_MATH = YES;
				SDKROOT = iphoneos;
				SWIFT_COMPILATION_MODE = wholemodule;
				VALIDATE_PRODUCT = YES;
			};
			name = Release;
		};
		EB8267722B38A1D50024BAAE /* Debug */ = {
			isa = XCBuildConfiguration;
			buildSettings = {
				ASSETCATALOG_COMPILER_APPICON_NAME = AppIcon;
				ASSETCATALOG_COMPILER_GLOBAL_ACCENT_COLOR_NAME = AccentColor;
				CODE_SIGN_STYLE = Automatic;
				CURRENT_PROJECT_VERSION = 1;
				DEVELOPMENT_TEAM = 9444ZC259H;
				GENERATE_INFOPLIST_FILE = YES;
				INFOPLIST_FILE = MovieHub/Support/Info.plist;
				INFOPLIST_KEY_UIApplicationSupportsIndirectInputEvents = YES;
				INFOPLIST_KEY_UILaunchStoryboardName = LaunchScreen;
				INFOPLIST_KEY_UISupportedInterfaceOrientations_iPad = "UIInterfaceOrientationPortrait UIInterfaceOrientationPortraitUpsideDown UIInterfaceOrientationLandscapeLeft UIInterfaceOrientationLandscapeRight";
				INFOPLIST_KEY_UISupportedInterfaceOrientations_iPhone = "UIInterfaceOrientationPortrait UIInterfaceOrientationLandscapeLeft UIInterfaceOrientationLandscapeRight";
				IPHONEOS_DEPLOYMENT_TARGET = 15.0;
				LD_RUNPATH_SEARCH_PATHS = (
					"$(inherited)",
					"@executable_path/Frameworks",
				);
				MARKETING_VERSION = 1.0;
				PRODUCT_BUNDLE_IDENTIFIER = myself.MovieHub;
				PRODUCT_NAME = "$(TARGET_NAME)";
				SWIFT_EMIT_LOC_STRINGS = YES;
				SWIFT_VERSION = 5.0;
				TARGETED_DEVICE_FAMILY = "1,2";
			};
			name = Debug;
		};
		EB8267732B38A1D50024BAAE /* Release */ = {
			isa = XCBuildConfiguration;
			buildSettings = {
				ASSETCATALOG_COMPILER_APPICON_NAME = AppIcon;
				ASSETCATALOG_COMPILER_GLOBAL_ACCENT_COLOR_NAME = AccentColor;
				CODE_SIGN_STYLE = Automatic;
				CURRENT_PROJECT_VERSION = 1;
				DEVELOPMENT_TEAM = 9444ZC259H;
				GENERATE_INFOPLIST_FILE = YES;
				INFOPLIST_FILE = MovieHub/Support/Info.plist;
				INFOPLIST_KEY_UIApplicationSupportsIndirectInputEvents = YES;
				INFOPLIST_KEY_UILaunchStoryboardName = LaunchScreen;
				INFOPLIST_KEY_UISupportedInterfaceOrientations_iPad = "UIInterfaceOrientationPortrait UIInterfaceOrientationPortraitUpsideDown UIInterfaceOrientationLandscapeLeft UIInterfaceOrientationLandscapeRight";
				INFOPLIST_KEY_UISupportedInterfaceOrientations_iPhone = "UIInterfaceOrientationPortrait UIInterfaceOrientationLandscapeLeft UIInterfaceOrientationLandscapeRight";
				IPHONEOS_DEPLOYMENT_TARGET = 15.0;
				LD_RUNPATH_SEARCH_PATHS = (
					"$(inherited)",
					"@executable_path/Frameworks",
				);
				MARKETING_VERSION = 1.0;
				PRODUCT_BUNDLE_IDENTIFIER = myself.MovieHub;
				PRODUCT_NAME = "$(TARGET_NAME)";
				SWIFT_EMIT_LOC_STRINGS = YES;
				SWIFT_VERSION = 5.0;
				TARGETED_DEVICE_FAMILY = "1,2";
			};
			name = Release;
		};
/* End XCBuildConfiguration section */

/* Begin XCConfigurationList section */
		EB8267582B38A1D50024BAAE /* Build configuration list for PBXProject "MovieHub" */ = {
			isa = XCConfigurationList;
			buildConfigurations = (
				EB82676F2B38A1D50024BAAE /* Debug */,
				EB8267702B38A1D50024BAAE /* Release */,
			);
			defaultConfigurationIsVisible = 0;
			defaultConfigurationName = Release;
		};
		EB8267712B38A1D50024BAAE /* Build configuration list for PBXNativeTarget "MovieHub" */ = {
			isa = XCConfigurationList;
			buildConfigurations = (
				EB8267722B38A1D50024BAAE /* Debug */,
				EB8267732B38A1D50024BAAE /* Release */,
			);
			defaultConfigurationIsVisible = 0;
			defaultConfigurationName = Release;
		};
/* End XCConfigurationList section */

/* Begin XCRemoteSwiftPackageReference section */
		EB369B1A2B39BAD300BB4275 /* XCRemoteSwiftPackageReference "SnapKit" */ = {
			isa = XCRemoteSwiftPackageReference;
			repositoryURL = "https://github.com/SnapKit/SnapKit";
			requirement = {
				kind = upToNextMajorVersion;
				minimumVersion = 5.6.0;
			};
		};
		EBCA67D32B3C5629008B59B9 /* XCRemoteSwiftPackageReference "Kingfisher" */ = {
			isa = XCRemoteSwiftPackageReference;
			repositoryURL = "https://github.com/onevcat/Kingfisher";
			requirement = {
				kind = exactVersion;
				version = 7.10.0;
			};
		};
/* End XCRemoteSwiftPackageReference section */

/* Begin XCSwiftPackageProductDependency section */
		EB369B1B2B39BAD300BB4275 /* SnapKit */ = {
			isa = XCSwiftPackageProductDependency;
			package = EB369B1A2B39BAD300BB4275 /* XCRemoteSwiftPackageReference "SnapKit" */;
			productName = SnapKit;
		};
		EBCA67D42B3C5629008B59B9 /* Kingfisher */ = {
			isa = XCSwiftPackageProductDependency;
			package = EBCA67D32B3C5629008B59B9 /* XCRemoteSwiftPackageReference "Kingfisher" */;
			productName = Kingfisher;
		};
/* End XCSwiftPackageProductDependency section */
	};
	rootObject = EB8267552B38A1D50024BAAE /* Project object */;
}
